// !$*UTF8*$!
{
	archiveVersion = 1;
	classes = {
	};
	objectVersion = 46;
	objects = {

/* Begin PBXBuildFile section */
		CD0377951E33657B00FAE471 /* ForgotPasswordViewController.swift in Sources */ = {isa = PBXBuildFile; fileRef = CD0377941E33657B00FAE471 /* ForgotPasswordViewController.swift */; };
		CD0560091E6456C400E87A07 /* CustItemListTableViewCell.swift in Sources */ = {isa = PBXBuildFile; fileRef = CD0560081E6456C300E87A07 /* CustItemListTableViewCell.swift */; };
		CD05600B1E6461D100E87A07 /* CustItemListReqModel.swift in Sources */ = {isa = PBXBuildFile; fileRef = CD05600A1E6461D000E87A07 /* CustItemListReqModel.swift */; };
		CD05600D1E64626600E87A07 /* CustItemListResModel.swift in Sources */ = {isa = PBXBuildFile; fileRef = CD05600C1E64626600E87A07 /* CustItemListResModel.swift */; };
		CD05600F1E6462B300E87A07 /* ItemInfoModel.swift in Sources */ = {isa = PBXBuildFile; fileRef = CD05600E1E6462B300E87A07 /* ItemInfoModel.swift */; };
		CD0560111E6465DC00E87A07 /* ProducerLocationModel.swift in Sources */ = {isa = PBXBuildFile; fileRef = CD0560101E6465DC00E87A07 /* ProducerLocationModel.swift */; };
		CD33D1DB1E5854D300D38DB9 /* CheckBox.swift in Sources */ = {isa = PBXBuildFile; fileRef = CD33D1DA1E5854D300D38DB9 /* CheckBox.swift */; };
		CD33D1DD1E5883EB00D38DB9 /* CustDetailsPlaceOrderReqModel.swift in Sources */ = {isa = PBXBuildFile; fileRef = CD33D1DC1E5883EB00D38DB9 /* CustDetailsPlaceOrderReqModel.swift */; };
		CD33D1DF1E5884FE00D38DB9 /* ItemRequestModel.swift in Sources */ = {isa = PBXBuildFile; fileRef = CD33D1DE1E5884FE00D38DB9 /* ItemRequestModel.swift */; };
		CD33D1E11E58867800D38DB9 /* PaymentMethod.swift in Sources */ = {isa = PBXBuildFile; fileRef = CD33D1E01E58867800D38DB9 /* PaymentMethod.swift */; };
		CD33D1E31E5887C000D38DB9 /* DelieveryMethods.swift in Sources */ = {isa = PBXBuildFile; fileRef = CD33D1E21E5887C000D38DB9 /* DelieveryMethods.swift */; };
		CD6FF9B91E5B21B400616634 /* ProcessItemTableViewCell.swift in Sources */ = {isa = PBXBuildFile; fileRef = CD6FF9B81E5B21B400616634 /* ProcessItemTableViewCell.swift */; };
		CD6FF9BB1E5B21D900616634 /* ProcessServiceTaxTableViewCell.swift in Sources */ = {isa = PBXBuildFile; fileRef = CD6FF9BA1E5B21D900616634 /* ProcessServiceTaxTableViewCell.swift */; };
		CD7CDC6A1E35EEA000D35F19 /* QuickStartViewController.swift in Sources */ = {isa = PBXBuildFile; fileRef = CD7CDC691E35EEA000D35F19 /* QuickStartViewController.swift */; };
		CD7CDC6C1E360C3900D35F19 /* LeftViewController.swift in Sources */ = {isa = PBXBuildFile; fileRef = CD7CDC6B1E360C3900D35F19 /* LeftViewController.swift */; };
		CD7CDC6E1E361E7400D35F19 /* LeftMenuTableViewCell.swift in Sources */ = {isa = PBXBuildFile; fileRef = CD7CDC6D1E361E7400D35F19 /* LeftMenuTableViewCell.swift */; };
		CD81D73A1E4AEFFE00FA33FE /* VendorItemRequestModel.swift in Sources */ = {isa = PBXBuildFile; fileRef = CD81D7391E4AEFFE00FA33FE /* VendorItemRequestModel.swift */; };
		CD81D73C1E4AF13600FA33FE /* VendorItemResponseModel.swift in Sources */ = {isa = PBXBuildFile; fileRef = CD81D73B1E4AF13600FA33FE /* VendorItemResponseModel.swift */; };
		CD81D73F1E4B0DAD00FA33FE /* UserDefaultManager.swift in Sources */ = {isa = PBXBuildFile; fileRef = CD81D73E1E4B0DAD00FA33FE /* UserDefaultManager.swift */; };
		CD81D7411E4B314B00FA33FE /* AddProductRequestModel.swift in Sources */ = {isa = PBXBuildFile; fileRef = CD81D7401E4B314B00FA33FE /* AddProductRequestModel.swift */; };
		CD81D7431E4B335900FA33FE /* AddProductResponseModel.swift in Sources */ = {isa = PBXBuildFile; fileRef = CD81D7421E4B335900FA33FE /* AddProductResponseModel.swift */; };
		CD81D7451E4B3CD700FA33FE /* VendorCategoryRequestModel.swift in Sources */ = {isa = PBXBuildFile; fileRef = CD81D7441E4B3CD700FA33FE /* VendorCategoryRequestModel.swift */; };
		CD81D7471E4B3D4B00FA33FE /* VendorCategoryResponseModel.swift in Sources */ = {isa = PBXBuildFile; fileRef = CD81D7461E4B3D4B00FA33FE /* VendorCategoryResponseModel.swift */; };
		CD84D9371E3B144C0083BF71 /* UserCartViewController.swift in Sources */ = {isa = PBXBuildFile; fileRef = CD84D9361E3B144C0083BF71 /* UserCartViewController.swift */; };
		CD84D93A1E3B28390083BF71 /* UserCartTableViewCell.swift in Sources */ = {isa = PBXBuildFile; fileRef = CD84D9391E3B28390083BF71 /* UserCartTableViewCell.swift */; };
		CD84D93C1E3B60240083BF71 /* MapKit.framework in Frameworks */ = {isa = PBXBuildFile; fileRef = CD84D93B1E3B60240083BF71 /* MapKit.framework */; };
		CD84D93E1E3B802D0083BF71 /* PlaceOrderViewController.swift in Sources */ = {isa = PBXBuildFile; fileRef = CD84D93D1E3B802D0083BF71 /* PlaceOrderViewController.swift */; };
		CD8A5A9E1E56D7800024662D /* CoreLocation.framework in Frameworks */ = {isa = PBXBuildFile; fileRef = CD8A5A9D1E56D7800024662D /* CoreLocation.framework */; };
		CD9291DC1E61AABC0040D5AD /* CustcategoryListReqModel.swift in Sources */ = {isa = PBXBuildFile; fileRef = CD9291DB1E61AABB0040D5AD /* CustcategoryListReqModel.swift */; };
		CD9291DE1E61AB150040D5AD /* CustCategoryListResModel.swift in Sources */ = {isa = PBXBuildFile; fileRef = CD9291DD1E61AB150040D5AD /* CustCategoryListResModel.swift */; };
		CD9565111E5AB78900AF3A7E /* CustPlaceOrderResModel.swift in Sources */ = {isa = PBXBuildFile; fileRef = CD9565101E5AB78900AF3A7E /* CustPlaceOrderResModel.swift */; };
		CD9565131E5AB82300AF3A7E /* CustOrderedItemResModel.swift in Sources */ = {isa = PBXBuildFile; fileRef = CD9565121E5AB82300AF3A7E /* CustOrderedItemResModel.swift */; };
		CD9565151E5AB8FE00AF3A7E /* CustChargeBreakupResModel.swift in Sources */ = {isa = PBXBuildFile; fileRef = CD9565141E5AB8FE00AF3A7E /* CustChargeBreakupResModel.swift */; };
		CD9923391E3742BD00B814EA /* TableViewController.swift in Sources */ = {isa = PBXBuildFile; fileRef = CD9923381E3742BD00B814EA /* TableViewController.swift */; };
		CD9A11531E45ADC00043DA43 /* SearchResultsController.swift in Sources */ = {isa = PBXBuildFile; fileRef = CD9A11521E45ADBF0043DA43 /* SearchResultsController.swift */; };
		CD9B2BA31E54375A008A949F /* CoreData.swift in Sources */ = {isa = PBXBuildFile; fileRef = CD9B2BA21E54375A008A949F /* CoreData.swift */; };
		CD9B2BA51E543C3F008A949F /* CoreData.framework in Frameworks */ = {isa = PBXBuildFile; fileRef = CD9B2BA41E543C3F008A949F /* CoreData.framework */; };
		CD9B2BCA1E5489D5008A949F /* MyCartModel.swift in Sources */ = {isa = PBXBuildFile; fileRef = CD9B2BC91E5489D5008A949F /* MyCartModel.swift */; };
		CD9FA4441E498D67002BC631 /* VendorSignupRequestModel.swift in Sources */ = {isa = PBXBuildFile; fileRef = CD9FA4431E498D67002BC631 /* VendorSignupRequestModel.swift */; };
		CD9FA4461E49903A002BC631 /* VendorEmailValidateRequestModel.swift in Sources */ = {isa = PBXBuildFile; fileRef = CD9FA4451E49903A002BC631 /* VendorEmailValidateRequestModel.swift */; };
		CD9FA4481E49ED1F002BC631 /* splash_screen_back_one.png in Resources */ = {isa = PBXBuildFile; fileRef = CD9FA4471E49ED1F002BC631 /* splash_screen_back_one.png */; };
		CDA429C01E3C87720069D928 /* ConfirmPayViewController.swift in Sources */ = {isa = PBXBuildFile; fileRef = CDA429BF1E3C87720069D928 /* ConfirmPayViewController.swift */; };
		CDA429C21E3C89720069D928 /* FilterViewController.swift in Sources */ = {isa = PBXBuildFile; fileRef = CDA429C11E3C89720069D928 /* FilterViewController.swift */; };
		CDA429C41E3CA0B80069D928 /* ic_lang_setting_banner.png in Resources */ = {isa = PBXBuildFile; fileRef = CDA429C31E3CA0B80069D928 /* ic_lang_setting_banner.png */; };
		CDA429C61E3CA7F60069D928 /* SettingViewController.swift in Sources */ = {isa = PBXBuildFile; fileRef = CDA429C51E3CA7F60069D928 /* SettingViewController.swift */; };
		CDA429C81E3CB9F80069D928 /* ic_action_camera.png in Resources */ = {isa = PBXBuildFile; fileRef = CDA429C71E3CB9F80069D928 /* ic_action_camera.png */; };
		CDA429CA1E3CD7E10069D928 /* AddProductViewController.swift in Sources */ = {isa = PBXBuildFile; fileRef = CDA429C91E3CD7E10069D928 /* AddProductViewController.swift */; };
		CDA4A0001E5C1D7200F6A100 /* CustProcessOrderReqModel.swift in Sources */ = {isa = PBXBuildFile; fileRef = CDA49FFF1E5C1D7200F6A100 /* CustProcessOrderReqModel.swift */; };
		CDA4A0021E5C1FCD00F6A100 /* CustProcessOrderResModel.swift in Sources */ = {isa = PBXBuildFile; fileRef = CDA4A0011E5C1FCD00F6A100 /* CustProcessOrderResModel.swift */; };
		CDA4A0041E5C201300F6A100 /* PayPalInfoResModel.swift in Sources */ = {isa = PBXBuildFile; fileRef = CDA4A0031E5C201300F6A100 /* PayPalInfoResModel.swift */; };
		CDA4A0291E5C473200F6A100 /* CustConfirmOrderReqModel.swift in Sources */ = {isa = PBXBuildFile; fileRef = CDA4A0281E5C473200F6A100 /* CustConfirmOrderReqModel.swift */; };
		CDA4A02C1E5C6B7300F6A100 /* Accelerate.framework in Frameworks */ = {isa = PBXBuildFile; fileRef = CDA4A02A1E5C6B7300F6A100 /* Accelerate.framework */; };
		CDA4A02D1E5C6B7300F6A100 /* AudioToolbox.framework in Frameworks */ = {isa = PBXBuildFile; fileRef = CDA4A02B1E5C6B7300F6A100 /* AudioToolbox.framework */; };
		CDA4A02F1E5C6B9100F6A100 /* AVFoundation.framework in Frameworks */ = {isa = PBXBuildFile; fileRef = CDA4A02E1E5C6B9100F6A100 /* AVFoundation.framework */; };
		CDA4A0311E5C6BAC00F6A100 /* CoreMedia.framework in Frameworks */ = {isa = PBXBuildFile; fileRef = CDA4A0301E5C6BAC00F6A100 /* CoreMedia.framework */; };
		CDA4A0331E5C6BB800F6A100 /* MessageUI.framework in Frameworks */ = {isa = PBXBuildFile; fileRef = CDA4A0321E5C6BB800F6A100 /* MessageUI.framework */; };
		CDA4A0351E5C6BCC00F6A100 /* MobileCoreServices.framework in Frameworks */ = {isa = PBXBuildFile; fileRef = CDA4A0341E5C6BCC00F6A100 /* MobileCoreServices.framework */; };
		CDA4A0371E5C6BE200F6A100 /* SystemConfiguration.framework in Frameworks */ = {isa = PBXBuildFile; fileRef = CDA4A0361E5C6BE200F6A100 /* SystemConfiguration.framework */; };
		CDA4A0391E5C6BF300F6A100 /* SafariServices.framework in Frameworks */ = {isa = PBXBuildFile; fileRef = CDA4A0381E5C6BF300F6A100 /* SafariServices.framework */; };
		CDAE23AC1E60628A0024F4A4 /* form_wiz_1.jpg in Resources */ = {isa = PBXBuildFile; fileRef = CDAE23AB1E60628A0024F4A4 /* form_wiz_1.jpg */; };
		CDAE23AE1E6062A50024F4A4 /* form_wiz_2.jpg in Resources */ = {isa = PBXBuildFile; fileRef = CDAE23AD1E6062A50024F4A4 /* form_wiz_2.jpg */; };
		CDAE23B01E6062B70024F4A4 /* form_wiz_3.jpg in Resources */ = {isa = PBXBuildFile; fileRef = CDAE23AF1E6062B70024F4A4 /* form_wiz_3.jpg */; };
		CDAE23B21E60667F0024F4A4 /* StatusGoogleMapViewController.swift in Sources */ = {isa = PBXBuildFile; fileRef = CDAE23B11E60667F0024F4A4 /* StatusGoogleMapViewController.swift */; };
		CDAE23B41E6070C50024F4A4 /* UpdateDelStatusViewController.swift in Sources */ = {isa = PBXBuildFile; fileRef = CDAE23B31E6070C50024F4A4 /* UpdateDelStatusViewController.swift */; };
		CDB0A73A1E5EEAF800009C91 /* VendorOrderReqModel.swift in Sources */ = {isa = PBXBuildFile; fileRef = CDB0A7391E5EEAF700009C91 /* VendorOrderReqModel.swift */; };
		CDB0A73C1E5EEDCE00009C91 /* VendorOrderResponseModel.swift in Sources */ = {isa = PBXBuildFile; fileRef = CDB0A73B1E5EEDCE00009C91 /* VendorOrderResponseModel.swift */; };
		CDB0A73E1E5EFD8200009C91 /* UpdateStatusModel.swift in Sources */ = {isa = PBXBuildFile; fileRef = CDB0A73D1E5EFD8200009C91 /* UpdateStatusModel.swift */; };
		CDB352EE1E4D8F0F002D8C98 /* AddProductImageRequestmodel.swift in Sources */ = {isa = PBXBuildFile; fileRef = CDB352ED1E4D8F0F002D8C98 /* AddProductImageRequestmodel.swift */; };
		CDB5D10B1E3F0D8900AC20F0 /* LeftVendorViewController.swift in Sources */ = {isa = PBXBuildFile; fileRef = CDB5D10A1E3F0D8900AC20F0 /* LeftVendorViewController.swift */; };
		CDB5D10F1E3F25DF00AC20F0 /* LeftVendorTableViewCell.swift in Sources */ = {isa = PBXBuildFile; fileRef = CDB5D10E1E3F25DF00AC20F0 /* LeftVendorTableViewCell.swift */; };
		CDB5D1111E3F29B900AC20F0 /* ProductListViewController.swift in Sources */ = {isa = PBXBuildFile; fileRef = CDB5D1101E3F29B900AC20F0 /* ProductListViewController.swift */; };
		CDB5D1131E3F441C00AC20F0 /* ice_cream_one.jpg in Resources */ = {isa = PBXBuildFile; fileRef = CDB5D1121E3F441C00AC20F0 /* ice_cream_one.jpg */; };
		CDB5D1151E3F4E7000AC20F0 /* ProductListTableViewCell.swift in Sources */ = {isa = PBXBuildFile; fileRef = CDB5D1141E3F4E7000AC20F0 /* ProductListTableViewCell.swift */; };
		CDB5D1171E3F5CFA00AC20F0 /* VendorOrderStatusTableViewController.swift in Sources */ = {isa = PBXBuildFile; fileRef = CDB5D1161E3F5CFA00AC20F0 /* VendorOrderStatusTableViewController.swift */; };
		CDB5D1191E3F5DCE00AC20F0 /* VendorOrderStatusTableViewCell.swift in Sources */ = {isa = PBXBuildFile; fileRef = CDB5D1181E3F5DCE00AC20F0 /* VendorOrderStatusTableViewCell.swift */; };
		CDC52C491E30E4BF00C860FA /* VendorLoginViewController.swift in Sources */ = {isa = PBXBuildFile; fileRef = CDC52C481E30E4BF00C860FA /* VendorLoginViewController.swift */; };
		CDC9454E1E2F522B00E6946F /* AppDelegate.swift in Sources */ = {isa = PBXBuildFile; fileRef = CDC9454D1E2F522B00E6946F /* AppDelegate.swift */; };
		CDC945501E2F522B00E6946F /* ViewController.swift in Sources */ = {isa = PBXBuildFile; fileRef = CDC9454F1E2F522B00E6946F /* ViewController.swift */; };
		CDC945531E2F522B00E6946F /* Main.storyboard in Resources */ = {isa = PBXBuildFile; fileRef = CDC945511E2F522B00E6946F /* Main.storyboard */; };
		CDC945561E2F522B00E6946F /* Qadmni.xcdatamodeld in Sources */ = {isa = PBXBuildFile; fileRef = CDC945541E2F522B00E6946F /* Qadmni.xcdatamodeld */; };
		CDC945581E2F522B00E6946F /* Assets.xcassets in Resources */ = {isa = PBXBuildFile; fileRef = CDC945571E2F522B00E6946F /* Assets.xcassets */; };
		CDC9455B1E2F522B00E6946F /* LaunchScreen.storyboard in Resources */ = {isa = PBXBuildFile; fileRef = CDC945591E2F522B00E6946F /* LaunchScreen.storyboard */; };
		CDC945641E2F54D700E6946F /* test_logo.png in Resources */ = {isa = PBXBuildFile; fileRef = CDC945631E2F54D700E6946F /* test_logo.png */; };
		CDC9456A1E2F828900E6946F /* login_back.jpg in Resources */ = {isa = PBXBuildFile; fileRef = CDC945691E2F828900E6946F /* login_back.jpg */; };
		CDC9456C1E2F837500E6946F /* qadmni_img_logo_english.png in Resources */ = {isa = PBXBuildFile; fileRef = CDC9456B1E2F837500E6946F /* qadmni_img_logo_english.png */; };
		CDC9456E1E2F919B00E6946F /* UserLoginViewController.swift in Sources */ = {isa = PBXBuildFile; fileRef = CDC9456D1E2F919B00E6946F /* UserLoginViewController.swift */; };
		CDC945701E2F98C800E6946F /* UITextField + textfield.swift in Sources */ = {isa = PBXBuildFile; fileRef = CDC9456F1E2F98C800E6946F /* UITextField + textfield.swift */; };
		CDCE592B1E41C1D900BE36CE /* BaseRequestModel.swift in Sources */ = {isa = PBXBuildFile; fileRef = CDCE592A1E41C1D900BE36CE /* BaseRequestModel.swift */; };
		CDCE592D1E41C2CE00BE36CE /* LoginVendorRequestModel.swift in Sources */ = {isa = PBXBuildFile; fileRef = CDCE592C1E41C2CE00BE36CE /* LoginVendorRequestModel.swift */; };
		CDCE592F1E41C59800BE36CE /* ServiceFacade.swift in Sources */ = {isa = PBXBuildFile; fileRef = CDCE592E1E41C59800BE36CE /* ServiceFacade.swift */; };
		CDCE59321E41C64700BE36CE /* PropertyReaderFile.swift in Sources */ = {isa = PBXBuildFile; fileRef = CDCE59311E41C64700BE36CE /* PropertyReaderFile.swift */; };
		CDCE59341E41CB1900BE36CE /* BaseResponseModel.swift in Sources */ = {isa = PBXBuildFile; fileRef = CDCE59331E41CB1900BE36CE /* BaseResponseModel.swift */; };
		CDCE59361E420FA200BE36CE /* VendorUserRequestModel.swift in Sources */ = {isa = PBXBuildFile; fileRef = CDCE59351E420FA200BE36CE /* VendorUserRequestModel.swift */; };
		CDCE59381E420FE500BE36CE /* VendorLangCodeRequestModel.swift in Sources */ = {isa = PBXBuildFile; fileRef = CDCE59371E420FE500BE36CE /* VendorLangCodeRequestModel.swift */; };
		CDCE593A1E42132A00BE36CE /* VendorLoginResponseModel.swift in Sources */ = {isa = PBXBuildFile; fileRef = CDCE59391E42132A00BE36CE /* VendorLoginResponseModel.swift */; };
		CDDA80231E658D93009F45AF /* ProducerItemListdataModel.swift in Sources */ = {isa = PBXBuildFile; fileRef = CDDA80221E658D93009F45AF /* ProducerItemListdataModel.swift */; };
		CDDA80251E659646009F45AF /* GoogleDistanceResModel.swift in Sources */ = {isa = PBXBuildFile; fileRef = CDDA80241E659646009F45AF /* GoogleDistanceResModel.swift */; };
		CDDA80271E659697009F45AF /* DurationResModel.swift in Sources */ = {isa = PBXBuildFile; fileRef = CDDA80261E659697009F45AF /* DurationResModel.swift */; };
		CDDA80291E65970A009F45AF /* DistanceResModel.swift in Sources */ = {isa = PBXBuildFile; fileRef = CDDA80281E65970A009F45AF /* DistanceResModel.swift */; };
		CDDA802B1E65A7E3009F45AF /* DisplayItemList.swift in Sources */ = {isa = PBXBuildFile; fileRef = CDDA802A1E65A7E3009F45AF /* DisplayItemList.swift */; };
		CDE322D91E40763500002DBD /* VendorOrderDetailsViewController.swift in Sources */ = {isa = PBXBuildFile; fileRef = CDE322D81E40763500002DBD /* VendorOrderDetailsViewController.swift */; };
		CDE322DB1E4077C800002DBD /* MyFavouritesTableViewController.swift in Sources */ = {isa = PBXBuildFile; fileRef = CDE322DA1E4077C800002DBD /* MyFavouritesTableViewController.swift */; };
		CDE322DD1E40789800002DBD /* MyFavouritesTableViewCell.swift in Sources */ = {isa = PBXBuildFile; fileRef = CDE322DC1E40789800002DBD /* MyFavouritesTableViewCell.swift */; };
		CDE322DF1E409D1F00002DBD /* profile_back_demo.jpg in Resources */ = {isa = PBXBuildFile; fileRef = CDE322DE1E409D1F00002DBD /* profile_back_demo.jpg */; };
		CDE322E11E40A18700002DBD /* dummy_image.jpg in Resources */ = {isa = PBXBuildFile; fileRef = CDE322E01E40A18700002DBD /* dummy_image.jpg */; };
		CDE322E31E40AFA700002DBD /* MyProfileViewController.swift in Sources */ = {isa = PBXBuildFile; fileRef = CDE322E21E40AFA700002DBD /* MyProfileViewController.swift */; };
		CDE322E51E40B41E00002DBD /* header_icon.png in Resources */ = {isa = PBXBuildFile; fileRef = CDE322E41E40B41E00002DBD /* header_icon.png */; };
		CDE6FDAC1E52E9AD009A18E7 /* ServiceFacadeUser.swift in Sources */ = {isa = PBXBuildFile; fileRef = CDE6FDAB1E52E9AD009A18E7 /* ServiceFacadeUser.swift */; };
		CDE6FDB01E52EB37009A18E7 /* CustomerLoginRequestModel.swift in Sources */ = {isa = PBXBuildFile; fileRef = CDE6FDAF1E52EB37009A18E7 /* CustomerLoginRequestModel.swift */; };
		CDE6FDB21E52EB50009A18E7 /* CustomerUserRequestModel.swift in Sources */ = {isa = PBXBuildFile; fileRef = CDE6FDB11E52EB50009A18E7 /* CustomerUserRequestModel.swift */; };
		CDE6FDB41E52EB6A009A18E7 /* CustomerLangCodeRequestModel.swift in Sources */ = {isa = PBXBuildFile; fileRef = CDE6FDB31E52EB6A009A18E7 /* CustomerLangCodeRequestModel.swift */; };
		CDE6FDB61E52EBC6009A18E7 /* CustomerLoginResponseModel.swift in Sources */ = {isa = PBXBuildFile; fileRef = CDE6FDB51E52EBC6009A18E7 /* CustomerLoginResponseModel.swift */; };
		CDE6FDB81E52EC06009A18E7 /* CustomerBaseResponseModel.swift in Sources */ = {isa = PBXBuildFile; fileRef = CDE6FDB71E52EC06009A18E7 /* CustomerBaseResponseModel.swift */; };
		CDE6FDBA1E531996009A18E7 /* CustomerRegisterRequestModel.swift in Sources */ = {isa = PBXBuildFile; fileRef = CDE6FDB91E531996009A18E7 /* CustomerRegisterRequestModel.swift */; };
		CDE6FDBC1E531A5B009A18E7 /* CustomerRegisterResponseModel.swift in Sources */ = {isa = PBXBuildFile; fileRef = CDE6FDBB1E531A5B009A18E7 /* CustomerRegisterResponseModel.swift */; };
		CDE6FDBE1E5331AD009A18E7 /* CustomerForgotPasswordRequestModel.swift in Sources */ = {isa = PBXBuildFile; fileRef = CDE6FDBD1E5331AD009A18E7 /* CustomerForgotPasswordRequestModel.swift */; };
		CDE6FDC01E533D3B009A18E7 /* VendorForgotPasswordViewController.swift in Sources */ = {isa = PBXBuildFile; fileRef = CDE6FDBF1E533D3B009A18E7 /* VendorForgotPasswordViewController.swift */; };
		CDE6FDC21E53457A009A18E7 /* VendorForgotPasswordRequestModel.swift in Sources */ = {isa = PBXBuildFile; fileRef = CDE6FDC11E53457A009A18E7 /* VendorForgotPasswordRequestModel.swift */; };
		CDEC80CF1E449BB8004FE5B6 /* GoogleMapViewController.swift in Sources */ = {isa = PBXBuildFile; fileRef = CDEC80CE1E449BB8004FE5B6 /* GoogleMapViewController.swift */; };
		CDFB2FFE1E32211C00A742E9 /* register_back.jpg in Resources */ = {isa = PBXBuildFile; fileRef = CDFB2FFD1E32211C00A742E9 /* register_back.jpg */; };
		CDFB30001E3221CC00A742E9 /* UserRegisterViewController.swift in Sources */ = {isa = PBXBuildFile; fileRef = CDFB2FFF1E3221CC00A742E9 /* UserRegisterViewController.swift */; };
		CDFB30021E323F8100A742E9 /* VendorRegisterViewController.swift in Sources */ = {isa = PBXBuildFile; fileRef = CDFB30011E323F8100A742E9 /* VendorRegisterViewController.swift */; };
		CDFB30041E32498D00A742E9 /* VendorShopDetailViewController.swift in Sources */ = {isa = PBXBuildFile; fileRef = CDFB30031E32498D00A742E9 /* VendorShopDetailViewController.swift */; };
		F258554A6B38318CF0BC32E3 /* Pods_Qadmni.framework in Frameworks */ = {isa = PBXBuildFile; fileRef = 394D19E85BDCCD123005A67E /* Pods_Qadmni.framework */; };
/* End PBXBuildFile section */

/* Begin PBXFileReference section */
		394D19E85BDCCD123005A67E /* Pods_Qadmni.framework */ = {isa = PBXFileReference; explicitFileType = wrapper.framework; includeInIndex = 0; path = Pods_Qadmni.framework; sourceTree = BUILT_PRODUCTS_DIR; };
		CAAECFAA4EF22160736EB017 /* Pods-Qadmni.release.xcconfig */ = {isa = PBXFileReference; includeInIndex = 1; lastKnownFileType = text.xcconfig; name = "Pods-Qadmni.release.xcconfig"; path = "Pods/Target Support Files/Pods-Qadmni/Pods-Qadmni.release.xcconfig"; sourceTree = "<group>"; };
		CD0377941E33657B00FAE471 /* ForgotPasswordViewController.swift */ = {isa = PBXFileReference; fileEncoding = 4; lastKnownFileType = sourcecode.swift; path = ForgotPasswordViewController.swift; sourceTree = "<group>"; };
		CD0560081E6456C300E87A07 /* CustItemListTableViewCell.swift */ = {isa = PBXFileReference; fileEncoding = 4; lastKnownFileType = sourcecode.swift; path = CustItemListTableViewCell.swift; sourceTree = "<group>"; };
		CD05600A1E6461D000E87A07 /* CustItemListReqModel.swift */ = {isa = PBXFileReference; fileEncoding = 4; lastKnownFileType = sourcecode.swift; path = CustItemListReqModel.swift; sourceTree = "<group>"; };
		CD05600C1E64626600E87A07 /* CustItemListResModel.swift */ = {isa = PBXFileReference; fileEncoding = 4; lastKnownFileType = sourcecode.swift; path = CustItemListResModel.swift; sourceTree = "<group>"; };
		CD05600E1E6462B300E87A07 /* ItemInfoModel.swift */ = {isa = PBXFileReference; fileEncoding = 4; lastKnownFileType = sourcecode.swift; path = ItemInfoModel.swift; sourceTree = "<group>"; };
		CD0560101E6465DC00E87A07 /* ProducerLocationModel.swift */ = {isa = PBXFileReference; fileEncoding = 4; lastKnownFileType = sourcecode.swift; path = ProducerLocationModel.swift; sourceTree = "<group>"; };
		CD33D1DA1E5854D300D38DB9 /* CheckBox.swift */ = {isa = PBXFileReference; fileEncoding = 4; lastKnownFileType = sourcecode.swift; path = CheckBox.swift; sourceTree = "<group>"; };
		CD33D1DC1E5883EB00D38DB9 /* CustDetailsPlaceOrderReqModel.swift */ = {isa = PBXFileReference; fileEncoding = 4; lastKnownFileType = sourcecode.swift; path = CustDetailsPlaceOrderReqModel.swift; sourceTree = "<group>"; };
		CD33D1DE1E5884FE00D38DB9 /* ItemRequestModel.swift */ = {isa = PBXFileReference; fileEncoding = 4; lastKnownFileType = sourcecode.swift; path = ItemRequestModel.swift; sourceTree = "<group>"; };
		CD33D1E01E58867800D38DB9 /* PaymentMethod.swift */ = {isa = PBXFileReference; fileEncoding = 4; lastKnownFileType = sourcecode.swift; path = PaymentMethod.swift; sourceTree = "<group>"; };
		CD33D1E21E5887C000D38DB9 /* DelieveryMethods.swift */ = {isa = PBXFileReference; fileEncoding = 4; lastKnownFileType = sourcecode.swift; path = DelieveryMethods.swift; sourceTree = "<group>"; };
		CD6FF9B81E5B21B400616634 /* ProcessItemTableViewCell.swift */ = {isa = PBXFileReference; fileEncoding = 4; lastKnownFileType = sourcecode.swift; path = ProcessItemTableViewCell.swift; sourceTree = "<group>"; };
		CD6FF9BA1E5B21D900616634 /* ProcessServiceTaxTableViewCell.swift */ = {isa = PBXFileReference; fileEncoding = 4; lastKnownFileType = sourcecode.swift; path = ProcessServiceTaxTableViewCell.swift; sourceTree = "<group>"; };
		CD7CDC691E35EEA000D35F19 /* QuickStartViewController.swift */ = {isa = PBXFileReference; fileEncoding = 4; lastKnownFileType = sourcecode.swift; path = QuickStartViewController.swift; sourceTree = "<group>"; };
		CD7CDC6B1E360C3900D35F19 /* LeftViewController.swift */ = {isa = PBXFileReference; fileEncoding = 4; lastKnownFileType = sourcecode.swift; path = LeftViewController.swift; sourceTree = "<group>"; };
		CD7CDC6D1E361E7400D35F19 /* LeftMenuTableViewCell.swift */ = {isa = PBXFileReference; fileEncoding = 4; lastKnownFileType = sourcecode.swift; path = LeftMenuTableViewCell.swift; sourceTree = "<group>"; };
		CD81D7391E4AEFFE00FA33FE /* VendorItemRequestModel.swift */ = {isa = PBXFileReference; fileEncoding = 4; lastKnownFileType = sourcecode.swift; path = VendorItemRequestModel.swift; sourceTree = "<group>"; };
		CD81D73B1E4AF13600FA33FE /* VendorItemResponseModel.swift */ = {isa = PBXFileReference; fileEncoding = 4; lastKnownFileType = sourcecode.swift; path = VendorItemResponseModel.swift; sourceTree = "<group>"; };
		CD81D73E1E4B0DAD00FA33FE /* UserDefaultManager.swift */ = {isa = PBXFileReference; fileEncoding = 4; lastKnownFileType = sourcecode.swift; path = UserDefaultManager.swift; sourceTree = "<group>"; };
		CD81D7401E4B314B00FA33FE /* AddProductRequestModel.swift */ = {isa = PBXFileReference; fileEncoding = 4; lastKnownFileType = sourcecode.swift; path = AddProductRequestModel.swift; sourceTree = "<group>"; };
		CD81D7421E4B335900FA33FE /* AddProductResponseModel.swift */ = {isa = PBXFileReference; fileEncoding = 4; lastKnownFileType = sourcecode.swift; path = AddProductResponseModel.swift; sourceTree = "<group>"; };
		CD81D7441E4B3CD700FA33FE /* VendorCategoryRequestModel.swift */ = {isa = PBXFileReference; fileEncoding = 4; lastKnownFileType = sourcecode.swift; path = VendorCategoryRequestModel.swift; sourceTree = "<group>"; };
		CD81D7461E4B3D4B00FA33FE /* VendorCategoryResponseModel.swift */ = {isa = PBXFileReference; fileEncoding = 4; lastKnownFileType = sourcecode.swift; path = VendorCategoryResponseModel.swift; sourceTree = "<group>"; };
		CD84D9361E3B144C0083BF71 /* UserCartViewController.swift */ = {isa = PBXFileReference; fileEncoding = 4; lastKnownFileType = sourcecode.swift; path = UserCartViewController.swift; sourceTree = "<group>"; };
		CD84D9391E3B28390083BF71 /* UserCartTableViewCell.swift */ = {isa = PBXFileReference; fileEncoding = 4; lastKnownFileType = sourcecode.swift; path = UserCartTableViewCell.swift; sourceTree = "<group>"; };
		CD84D93B1E3B60240083BF71 /* MapKit.framework */ = {isa = PBXFileReference; lastKnownFileType = wrapper.framework; name = MapKit.framework; path = System/Library/Frameworks/MapKit.framework; sourceTree = SDKROOT; };
		CD84D93D1E3B802D0083BF71 /* PlaceOrderViewController.swift */ = {isa = PBXFileReference; fileEncoding = 4; lastKnownFileType = sourcecode.swift; path = PlaceOrderViewController.swift; sourceTree = "<group>"; };
		CD8A5A9D1E56D7800024662D /* CoreLocation.framework */ = {isa = PBXFileReference; lastKnownFileType = wrapper.framework; name = CoreLocation.framework; path = System/Library/Frameworks/CoreLocation.framework; sourceTree = SDKROOT; };
		CD9291DB1E61AABB0040D5AD /* CustcategoryListReqModel.swift */ = {isa = PBXFileReference; fileEncoding = 4; lastKnownFileType = sourcecode.swift; path = CustcategoryListReqModel.swift; sourceTree = "<group>"; };
		CD9291DD1E61AB150040D5AD /* CustCategoryListResModel.swift */ = {isa = PBXFileReference; fileEncoding = 4; lastKnownFileType = sourcecode.swift; path = CustCategoryListResModel.swift; sourceTree = "<group>"; };
		CD9565101E5AB78900AF3A7E /* CustPlaceOrderResModel.swift */ = {isa = PBXFileReference; fileEncoding = 4; lastKnownFileType = sourcecode.swift; path = CustPlaceOrderResModel.swift; sourceTree = "<group>"; };
		CD9565121E5AB82300AF3A7E /* CustOrderedItemResModel.swift */ = {isa = PBXFileReference; fileEncoding = 4; lastKnownFileType = sourcecode.swift; path = CustOrderedItemResModel.swift; sourceTree = "<group>"; };
		CD9565141E5AB8FE00AF3A7E /* CustChargeBreakupResModel.swift */ = {isa = PBXFileReference; fileEncoding = 4; lastKnownFileType = sourcecode.swift; path = CustChargeBreakupResModel.swift; sourceTree = "<group>"; };
		CD9923381E3742BD00B814EA /* TableViewController.swift */ = {isa = PBXFileReference; fileEncoding = 4; lastKnownFileType = sourcecode.swift; path = TableViewController.swift; sourceTree = "<group>"; };
		CD9A11521E45ADBF0043DA43 /* SearchResultsController.swift */ = {isa = PBXFileReference; fileEncoding = 4; lastKnownFileType = sourcecode.swift; path = SearchResultsController.swift; sourceTree = "<group>"; };
		CD9B2BA21E54375A008A949F /* CoreData.swift */ = {isa = PBXFileReference; fileEncoding = 4; lastKnownFileType = sourcecode.swift; path = CoreData.swift; sourceTree = "<group>"; };
		CD9B2BA41E543C3F008A949F /* CoreData.framework */ = {isa = PBXFileReference; lastKnownFileType = wrapper.framework; name = CoreData.framework; path = System/Library/Frameworks/CoreData.framework; sourceTree = SDKROOT; };
		CD9B2BC91E5489D5008A949F /* MyCartModel.swift */ = {isa = PBXFileReference; fileEncoding = 4; lastKnownFileType = sourcecode.swift; path = MyCartModel.swift; sourceTree = "<group>"; };
		CD9FA4431E498D67002BC631 /* VendorSignupRequestModel.swift */ = {isa = PBXFileReference; fileEncoding = 4; lastKnownFileType = sourcecode.swift; path = VendorSignupRequestModel.swift; sourceTree = "<group>"; };
		CD9FA4451E49903A002BC631 /* VendorEmailValidateRequestModel.swift */ = {isa = PBXFileReference; fileEncoding = 4; lastKnownFileType = sourcecode.swift; path = VendorEmailValidateRequestModel.swift; sourceTree = "<group>"; };
		CD9FA4471E49ED1F002BC631 /* splash_screen_back_one.png */ = {isa = PBXFileReference; lastKnownFileType = image.png; path = splash_screen_back_one.png; sourceTree = "<group>"; };
		CDA429BF1E3C87720069D928 /* ConfirmPayViewController.swift */ = {isa = PBXFileReference; fileEncoding = 4; lastKnownFileType = sourcecode.swift; path = ConfirmPayViewController.swift; sourceTree = "<group>"; };
		CDA429C11E3C89720069D928 /* FilterViewController.swift */ = {isa = PBXFileReference; fileEncoding = 4; lastKnownFileType = sourcecode.swift; path = FilterViewController.swift; sourceTree = "<group>"; };
		CDA429C31E3CA0B80069D928 /* ic_lang_setting_banner.png */ = {isa = PBXFileReference; lastKnownFileType = image.png; path = ic_lang_setting_banner.png; sourceTree = "<group>"; };
		CDA429C51E3CA7F60069D928 /* SettingViewController.swift */ = {isa = PBXFileReference; fileEncoding = 4; lastKnownFileType = sourcecode.swift; path = SettingViewController.swift; sourceTree = "<group>"; };
		CDA429C71E3CB9F80069D928 /* ic_action_camera.png */ = {isa = PBXFileReference; lastKnownFileType = image.png; path = ic_action_camera.png; sourceTree = "<group>"; };
		CDA429C91E3CD7E10069D928 /* AddProductViewController.swift */ = {isa = PBXFileReference; fileEncoding = 4; lastKnownFileType = sourcecode.swift; path = AddProductViewController.swift; sourceTree = "<group>"; };
		CDA49FFF1E5C1D7200F6A100 /* CustProcessOrderReqModel.swift */ = {isa = PBXFileReference; fileEncoding = 4; lastKnownFileType = sourcecode.swift; path = CustProcessOrderReqModel.swift; sourceTree = "<group>"; };
		CDA4A0011E5C1FCD00F6A100 /* CustProcessOrderResModel.swift */ = {isa = PBXFileReference; fileEncoding = 4; lastKnownFileType = sourcecode.swift; path = CustProcessOrderResModel.swift; sourceTree = "<group>"; };
		CDA4A0031E5C201300F6A100 /* PayPalInfoResModel.swift */ = {isa = PBXFileReference; fileEncoding = 4; lastKnownFileType = sourcecode.swift; path = PayPalInfoResModel.swift; sourceTree = "<group>"; };
		CDA4A0281E5C473200F6A100 /* CustConfirmOrderReqModel.swift */ = {isa = PBXFileReference; fileEncoding = 4; lastKnownFileType = sourcecode.swift; path = CustConfirmOrderReqModel.swift; sourceTree = "<group>"; };
		CDA4A02A1E5C6B7300F6A100 /* Accelerate.framework */ = {isa = PBXFileReference; lastKnownFileType = wrapper.framework; name = Accelerate.framework; path = System/Library/Frameworks/Accelerate.framework; sourceTree = SDKROOT; };
		CDA4A02B1E5C6B7300F6A100 /* AudioToolbox.framework */ = {isa = PBXFileReference; lastKnownFileType = wrapper.framework; name = AudioToolbox.framework; path = System/Library/Frameworks/AudioToolbox.framework; sourceTree = SDKROOT; };
		CDA4A02E1E5C6B9100F6A100 /* AVFoundation.framework */ = {isa = PBXFileReference; lastKnownFileType = wrapper.framework; name = AVFoundation.framework; path = System/Library/Frameworks/AVFoundation.framework; sourceTree = SDKROOT; };
		CDA4A0301E5C6BAC00F6A100 /* CoreMedia.framework */ = {isa = PBXFileReference; lastKnownFileType = wrapper.framework; name = CoreMedia.framework; path = System/Library/Frameworks/CoreMedia.framework; sourceTree = SDKROOT; };
		CDA4A0321E5C6BB800F6A100 /* MessageUI.framework */ = {isa = PBXFileReference; lastKnownFileType = wrapper.framework; name = MessageUI.framework; path = System/Library/Frameworks/MessageUI.framework; sourceTree = SDKROOT; };
		CDA4A0341E5C6BCC00F6A100 /* MobileCoreServices.framework */ = {isa = PBXFileReference; lastKnownFileType = wrapper.framework; name = MobileCoreServices.framework; path = System/Library/Frameworks/MobileCoreServices.framework; sourceTree = SDKROOT; };
		CDA4A0361E5C6BE200F6A100 /* SystemConfiguration.framework */ = {isa = PBXFileReference; lastKnownFileType = wrapper.framework; name = SystemConfiguration.framework; path = System/Library/Frameworks/SystemConfiguration.framework; sourceTree = SDKROOT; };
		CDA4A0381E5C6BF300F6A100 /* SafariServices.framework */ = {isa = PBXFileReference; lastKnownFileType = wrapper.framework; name = SafariServices.framework; path = System/Library/Frameworks/SafariServices.framework; sourceTree = SDKROOT; };
		CDA4A03A1E5C6F7900F6A100 /* Qadmni-Bridging-Header.h */ = {isa = PBXFileReference; lastKnownFileType = sourcecode.c.h; path = "Qadmni-Bridging-Header.h"; sourceTree = "<group>"; };
		CDAE23AB1E60628A0024F4A4 /* form_wiz_1.jpg */ = {isa = PBXFileReference; lastKnownFileType = image.jpeg; path = form_wiz_1.jpg; sourceTree = "<group>"; };
		CDAE23AD1E6062A50024F4A4 /* form_wiz_2.jpg */ = {isa = PBXFileReference; lastKnownFileType = image.jpeg; path = form_wiz_2.jpg; sourceTree = "<group>"; };
		CDAE23AF1E6062B70024F4A4 /* form_wiz_3.jpg */ = {isa = PBXFileReference; lastKnownFileType = image.jpeg; path = form_wiz_3.jpg; sourceTree = "<group>"; };
		CDAE23B11E60667F0024F4A4 /* StatusGoogleMapViewController.swift */ = {isa = PBXFileReference; fileEncoding = 4; lastKnownFileType = sourcecode.swift; path = StatusGoogleMapViewController.swift; sourceTree = "<group>"; };
		CDAE23B31E6070C50024F4A4 /* UpdateDelStatusViewController.swift */ = {isa = PBXFileReference; fileEncoding = 4; lastKnownFileType = sourcecode.swift; path = UpdateDelStatusViewController.swift; sourceTree = "<group>"; };
		CDB0A7391E5EEAF700009C91 /* VendorOrderReqModel.swift */ = {isa = PBXFileReference; fileEncoding = 4; lastKnownFileType = sourcecode.swift; path = VendorOrderReqModel.swift; sourceTree = "<group>"; };
		CDB0A73B1E5EEDCE00009C91 /* VendorOrderResponseModel.swift */ = {isa = PBXFileReference; fileEncoding = 4; lastKnownFileType = sourcecode.swift; path = VendorOrderResponseModel.swift; sourceTree = "<group>"; };
		CDB0A73D1E5EFD8200009C91 /* UpdateStatusModel.swift */ = {isa = PBXFileReference; fileEncoding = 4; lastKnownFileType = sourcecode.swift; path = UpdateStatusModel.swift; sourceTree = "<group>"; };
		CDB352ED1E4D8F0F002D8C98 /* AddProductImageRequestmodel.swift */ = {isa = PBXFileReference; fileEncoding = 4; lastKnownFileType = sourcecode.swift; path = AddProductImageRequestmodel.swift; sourceTree = "<group>"; };
		CDB5D10A1E3F0D8900AC20F0 /* LeftVendorViewController.swift */ = {isa = PBXFileReference; fileEncoding = 4; lastKnownFileType = sourcecode.swift; path = LeftVendorViewController.swift; sourceTree = "<group>"; };
		CDB5D10E1E3F25DF00AC20F0 /* LeftVendorTableViewCell.swift */ = {isa = PBXFileReference; fileEncoding = 4; lastKnownFileType = sourcecode.swift; path = LeftVendorTableViewCell.swift; sourceTree = "<group>"; };
		CDB5D1101E3F29B900AC20F0 /* ProductListViewController.swift */ = {isa = PBXFileReference; fileEncoding = 4; lastKnownFileType = sourcecode.swift; path = ProductListViewController.swift; sourceTree = "<group>"; };
		CDB5D1121E3F441C00AC20F0 /* ice_cream_one.jpg */ = {isa = PBXFileReference; lastKnownFileType = image.jpeg; path = ice_cream_one.jpg; sourceTree = "<group>"; };
		CDB5D1141E3F4E7000AC20F0 /* ProductListTableViewCell.swift */ = {isa = PBXFileReference; fileEncoding = 4; lastKnownFileType = sourcecode.swift; path = ProductListTableViewCell.swift; sourceTree = "<group>"; };
		CDB5D1161E3F5CFA00AC20F0 /* VendorOrderStatusTableViewController.swift */ = {isa = PBXFileReference; fileEncoding = 4; lastKnownFileType = sourcecode.swift; path = VendorOrderStatusTableViewController.swift; sourceTree = "<group>"; };
		CDB5D1181E3F5DCE00AC20F0 /* VendorOrderStatusTableViewCell.swift */ = {isa = PBXFileReference; fileEncoding = 4; lastKnownFileType = sourcecode.swift; path = VendorOrderStatusTableViewCell.swift; sourceTree = "<group>"; };
		CDC52C481E30E4BF00C860FA /* VendorLoginViewController.swift */ = {isa = PBXFileReference; fileEncoding = 4; lastKnownFileType = sourcecode.swift; path = VendorLoginViewController.swift; sourceTree = "<group>"; };
		CDC9454A1E2F522B00E6946F /* Qadmni.app */ = {isa = PBXFileReference; explicitFileType = wrapper.application; includeInIndex = 0; path = Qadmni.app; sourceTree = BUILT_PRODUCTS_DIR; };
		CDC9454D1E2F522B00E6946F /* AppDelegate.swift */ = {isa = PBXFileReference; lastKnownFileType = sourcecode.swift; path = AppDelegate.swift; sourceTree = "<group>"; };
		CDC9454F1E2F522B00E6946F /* ViewController.swift */ = {isa = PBXFileReference; lastKnownFileType = sourcecode.swift; path = ViewController.swift; sourceTree = "<group>"; };
		CDC945521E2F522B00E6946F /* Base */ = {isa = PBXFileReference; lastKnownFileType = file.storyboard; name = Base; path = Base.lproj/Main.storyboard; sourceTree = "<group>"; };
		CDC945551E2F522B00E6946F /* Qadmni.xcdatamodel */ = {isa = PBXFileReference; lastKnownFileType = wrapper.xcdatamodel; path = Qadmni.xcdatamodel; sourceTree = "<group>"; };
		CDC945571E2F522B00E6946F /* Assets.xcassets */ = {isa = PBXFileReference; lastKnownFileType = folder.assetcatalog; path = Assets.xcassets; sourceTree = "<group>"; };
		CDC9455A1E2F522B00E6946F /* Base */ = {isa = PBXFileReference; lastKnownFileType = file.storyboard; name = Base; path = Base.lproj/LaunchScreen.storyboard; sourceTree = "<group>"; };
		CDC9455C1E2F522B00E6946F /* Info.plist */ = {isa = PBXFileReference; lastKnownFileType = text.plist.xml; path = Info.plist; sourceTree = "<group>"; };
		CDC945631E2F54D700E6946F /* test_logo.png */ = {isa = PBXFileReference; lastKnownFileType = image.png; path = test_logo.png; sourceTree = "<group>"; };
		CDC945691E2F828900E6946F /* login_back.jpg */ = {isa = PBXFileReference; lastKnownFileType = image.jpeg; path = login_back.jpg; sourceTree = "<group>"; };
		CDC9456B1E2F837500E6946F /* qadmni_img_logo_english.png */ = {isa = PBXFileReference; lastKnownFileType = image.png; path = qadmni_img_logo_english.png; sourceTree = "<group>"; };
		CDC9456D1E2F919B00E6946F /* UserLoginViewController.swift */ = {isa = PBXFileReference; fileEncoding = 4; lastKnownFileType = sourcecode.swift; path = UserLoginViewController.swift; sourceTree = "<group>"; };
		CDC9456F1E2F98C800E6946F /* UITextField + textfield.swift */ = {isa = PBXFileReference; fileEncoding = 4; lastKnownFileType = sourcecode.swift; path = "UITextField + textfield.swift"; sourceTree = "<group>"; };
		CDCE592A1E41C1D900BE36CE /* BaseRequestModel.swift */ = {isa = PBXFileReference; fileEncoding = 4; lastKnownFileType = sourcecode.swift; path = BaseRequestModel.swift; sourceTree = "<group>"; };
		CDCE592C1E41C2CE00BE36CE /* LoginVendorRequestModel.swift */ = {isa = PBXFileReference; fileEncoding = 4; lastKnownFileType = sourcecode.swift; path = LoginVendorRequestModel.swift; sourceTree = "<group>"; };
		CDCE592E1E41C59800BE36CE /* ServiceFacade.swift */ = {isa = PBXFileReference; fileEncoding = 4; lastKnownFileType = sourcecode.swift; path = ServiceFacade.swift; sourceTree = "<group>"; };
		CDCE59311E41C64700BE36CE /* PropertyReaderFile.swift */ = {isa = PBXFileReference; fileEncoding = 4; lastKnownFileType = sourcecode.swift; path = PropertyReaderFile.swift; sourceTree = "<group>"; };
		CDCE59331E41CB1900BE36CE /* BaseResponseModel.swift */ = {isa = PBXFileReference; fileEncoding = 4; lastKnownFileType = sourcecode.swift; path = BaseResponseModel.swift; sourceTree = "<group>"; };
		CDCE59351E420FA200BE36CE /* VendorUserRequestModel.swift */ = {isa = PBXFileReference; fileEncoding = 4; lastKnownFileType = sourcecode.swift; path = VendorUserRequestModel.swift; sourceTree = "<group>"; };
		CDCE59371E420FE500BE36CE /* VendorLangCodeRequestModel.swift */ = {isa = PBXFileReference; fileEncoding = 4; lastKnownFileType = sourcecode.swift; path = VendorLangCodeRequestModel.swift; sourceTree = "<group>"; };
		CDCE59391E42132A00BE36CE /* VendorLoginResponseModel.swift */ = {isa = PBXFileReference; fileEncoding = 4; lastKnownFileType = sourcecode.swift; path = VendorLoginResponseModel.swift; sourceTree = "<group>"; };
		CDDA80221E658D93009F45AF /* ProducerItemListdataModel.swift */ = {isa = PBXFileReference; fileEncoding = 4; lastKnownFileType = sourcecode.swift; path = ProducerItemListdataModel.swift; sourceTree = "<group>"; };
		CDDA80241E659646009F45AF /* GoogleDistanceResModel.swift */ = {isa = PBXFileReference; fileEncoding = 4; lastKnownFileType = sourcecode.swift; path = GoogleDistanceResModel.swift; sourceTree = "<group>"; };
		CDDA80261E659697009F45AF /* DurationResModel.swift */ = {isa = PBXFileReference; fileEncoding = 4; lastKnownFileType = sourcecode.swift; path = DurationResModel.swift; sourceTree = "<group>"; };
		CDDA80281E65970A009F45AF /* DistanceResModel.swift */ = {isa = PBXFileReference; fileEncoding = 4; lastKnownFileType = sourcecode.swift; path = DistanceResModel.swift; sourceTree = "<group>"; };
		CDDA802A1E65A7E3009F45AF /* DisplayItemList.swift */ = {isa = PBXFileReference; fileEncoding = 4; lastKnownFileType = sourcecode.swift; path = DisplayItemList.swift; sourceTree = "<group>"; };
		CDE322D81E40763500002DBD /* VendorOrderDetailsViewController.swift */ = {isa = PBXFileReference; fileEncoding = 4; lastKnownFileType = sourcecode.swift; path = VendorOrderDetailsViewController.swift; sourceTree = "<group>"; };
		CDE322DA1E4077C800002DBD /* MyFavouritesTableViewController.swift */ = {isa = PBXFileReference; fileEncoding = 4; lastKnownFileType = sourcecode.swift; path = MyFavouritesTableViewController.swift; sourceTree = "<group>"; };
		CDE322DC1E40789800002DBD /* MyFavouritesTableViewCell.swift */ = {isa = PBXFileReference; fileEncoding = 4; lastKnownFileType = sourcecode.swift; path = MyFavouritesTableViewCell.swift; sourceTree = "<group>"; };
		CDE322DE1E409D1F00002DBD /* profile_back_demo.jpg */ = {isa = PBXFileReference; lastKnownFileType = image.jpeg; path = profile_back_demo.jpg; sourceTree = "<group>"; };
		CDE322E01E40A18700002DBD /* dummy_image.jpg */ = {isa = PBXFileReference; lastKnownFileType = image.jpeg; path = dummy_image.jpg; sourceTree = "<group>"; };
		CDE322E21E40AFA700002DBD /* MyProfileViewController.swift */ = {isa = PBXFileReference; fileEncoding = 4; lastKnownFileType = sourcecode.swift; path = MyProfileViewController.swift; sourceTree = "<group>"; };
		CDE322E41E40B41E00002DBD /* header_icon.png */ = {isa = PBXFileReference; lastKnownFileType = image.png; path = header_icon.png; sourceTree = "<group>"; };
		CDE6FDAB1E52E9AD009A18E7 /* ServiceFacadeUser.swift */ = {isa = PBXFileReference; fileEncoding = 4; lastKnownFileType = sourcecode.swift; path = ServiceFacadeUser.swift; sourceTree = "<group>"; };
		CDE6FDAF1E52EB37009A18E7 /* CustomerLoginRequestModel.swift */ = {isa = PBXFileReference; fileEncoding = 4; lastKnownFileType = sourcecode.swift; path = CustomerLoginRequestModel.swift; sourceTree = "<group>"; };
		CDE6FDB11E52EB50009A18E7 /* CustomerUserRequestModel.swift */ = {isa = PBXFileReference; fileEncoding = 4; lastKnownFileType = sourcecode.swift; path = CustomerUserRequestModel.swift; sourceTree = "<group>"; };
		CDE6FDB31E52EB6A009A18E7 /* CustomerLangCodeRequestModel.swift */ = {isa = PBXFileReference; fileEncoding = 4; lastKnownFileType = sourcecode.swift; path = CustomerLangCodeRequestModel.swift; sourceTree = "<group>"; };
		CDE6FDB51E52EBC6009A18E7 /* CustomerLoginResponseModel.swift */ = {isa = PBXFileReference; fileEncoding = 4; lastKnownFileType = sourcecode.swift; path = CustomerLoginResponseModel.swift; sourceTree = "<group>"; };
		CDE6FDB71E52EC06009A18E7 /* CustomerBaseResponseModel.swift */ = {isa = PBXFileReference; fileEncoding = 4; lastKnownFileType = sourcecode.swift; path = CustomerBaseResponseModel.swift; sourceTree = "<group>"; };
		CDE6FDB91E531996009A18E7 /* CustomerRegisterRequestModel.swift */ = {isa = PBXFileReference; fileEncoding = 4; lastKnownFileType = sourcecode.swift; path = CustomerRegisterRequestModel.swift; sourceTree = "<group>"; };
		CDE6FDBB1E531A5B009A18E7 /* CustomerRegisterResponseModel.swift */ = {isa = PBXFileReference; fileEncoding = 4; lastKnownFileType = sourcecode.swift; path = CustomerRegisterResponseModel.swift; sourceTree = "<group>"; };
		CDE6FDBD1E5331AD009A18E7 /* CustomerForgotPasswordRequestModel.swift */ = {isa = PBXFileReference; fileEncoding = 4; lastKnownFileType = sourcecode.swift; path = CustomerForgotPasswordRequestModel.swift; sourceTree = "<group>"; };
		CDE6FDBF1E533D3B009A18E7 /* VendorForgotPasswordViewController.swift */ = {isa = PBXFileReference; fileEncoding = 4; lastKnownFileType = sourcecode.swift; path = VendorForgotPasswordViewController.swift; sourceTree = "<group>"; };
		CDE6FDC11E53457A009A18E7 /* VendorForgotPasswordRequestModel.swift */ = {isa = PBXFileReference; fileEncoding = 4; lastKnownFileType = sourcecode.swift; path = VendorForgotPasswordRequestModel.swift; sourceTree = "<group>"; };
		CDEC80CE1E449BB8004FE5B6 /* GoogleMapViewController.swift */ = {isa = PBXFileReference; fileEncoding = 4; lastKnownFileType = sourcecode.swift; path = GoogleMapViewController.swift; sourceTree = "<group>"; };
		CDFB2FFD1E32211C00A742E9 /* register_back.jpg */ = {isa = PBXFileReference; lastKnownFileType = image.jpeg; path = register_back.jpg; sourceTree = "<group>"; };
		CDFB2FFF1E3221CC00A742E9 /* UserRegisterViewController.swift */ = {isa = PBXFileReference; fileEncoding = 4; lastKnownFileType = sourcecode.swift; path = UserRegisterViewController.swift; sourceTree = "<group>"; };
		CDFB30011E323F8100A742E9 /* VendorRegisterViewController.swift */ = {isa = PBXFileReference; fileEncoding = 4; lastKnownFileType = sourcecode.swift; path = VendorRegisterViewController.swift; sourceTree = "<group>"; };
		CDFB30031E32498D00A742E9 /* VendorShopDetailViewController.swift */ = {isa = PBXFileReference; fileEncoding = 4; lastKnownFileType = sourcecode.swift; path = VendorShopDetailViewController.swift; sourceTree = "<group>"; };
		D2D8735FB8F9FC0253303BF4 /* Pods-Qadmni.debug.xcconfig */ = {isa = PBXFileReference; includeInIndex = 1; lastKnownFileType = text.xcconfig; name = "Pods-Qadmni.debug.xcconfig"; path = "Pods/Target Support Files/Pods-Qadmni/Pods-Qadmni.debug.xcconfig"; sourceTree = "<group>"; };
/* End PBXFileReference section */

/* Begin PBXFrameworksBuildPhase section */
		CDC945471E2F522B00E6946F /* Frameworks */ = {
			isa = PBXFrameworksBuildPhase;
			buildActionMask = 2147483647;
			files = (
				CDA4A0391E5C6BF300F6A100 /* SafariServices.framework in Frameworks */,
				CDA4A0371E5C6BE200F6A100 /* SystemConfiguration.framework in Frameworks */,
				CDA4A0351E5C6BCC00F6A100 /* MobileCoreServices.framework in Frameworks */,
				CDA4A0331E5C6BB800F6A100 /* MessageUI.framework in Frameworks */,
				CDA4A0311E5C6BAC00F6A100 /* CoreMedia.framework in Frameworks */,
				CDA4A02F1E5C6B9100F6A100 /* AVFoundation.framework in Frameworks */,
				CDA4A02C1E5C6B7300F6A100 /* Accelerate.framework in Frameworks */,
				CDA4A02D1E5C6B7300F6A100 /* AudioToolbox.framework in Frameworks */,
				CD8A5A9E1E56D7800024662D /* CoreLocation.framework in Frameworks */,
				CD9B2BA51E543C3F008A949F /* CoreData.framework in Frameworks */,
				CD84D93C1E3B60240083BF71 /* MapKit.framework in Frameworks */,
				F258554A6B38318CF0BC32E3 /* Pods_Qadmni.framework in Frameworks */,
			);
			runOnlyForDeploymentPostprocessing = 0;
		};
/* End PBXFrameworksBuildPhase section */

/* Begin PBXGroup section */
		0837CC68E550CE06F6476F40 /* Frameworks */ = {
			isa = PBXGroup;
			children = (
				CDA4A0381E5C6BF300F6A100 /* SafariServices.framework */,
				CDA4A0361E5C6BE200F6A100 /* SystemConfiguration.framework */,
				CDA4A0341E5C6BCC00F6A100 /* MobileCoreServices.framework */,
				CDA4A0321E5C6BB800F6A100 /* MessageUI.framework */,
				CDA4A0301E5C6BAC00F6A100 /* CoreMedia.framework */,
				CDA4A02E1E5C6B9100F6A100 /* AVFoundation.framework */,
				CDA4A02A1E5C6B7300F6A100 /* Accelerate.framework */,
				CDA4A02B1E5C6B7300F6A100 /* AudioToolbox.framework */,
				CD8A5A9D1E56D7800024662D /* CoreLocation.framework */,
				CD9B2BA41E543C3F008A949F /* CoreData.framework */,
				CD84D93B1E3B60240083BF71 /* MapKit.framework */,
				394D19E85BDCCD123005A67E /* Pods_Qadmni.framework */,
			);
			name = Frameworks;
			sourceTree = "<group>";
		};
		A618DA6A5ECFCB46F040E939 /* Pods */ = {
			isa = PBXGroup;
			children = (
				D2D8735FB8F9FC0253303BF4 /* Pods-Qadmni.debug.xcconfig */,
				CAAECFAA4EF22160736EB017 /* Pods-Qadmni.release.xcconfig */,
			);
			name = Pods;
			sourceTree = "<group>";
		};
		CD81D73D1E4B0D8300FA33FE /* UserDefaults */ = {
			isa = PBXGroup;
			children = (
				CD81D73E1E4B0DAD00FA33FE /* UserDefaultManager.swift */,
			);
			name = UserDefaults;
			sourceTree = "<group>";
		};
		CD84D9381E3B28110083BF71 /* TableViewCell */ = {
			isa = PBXGroup;
			children = (
				CD84D9391E3B28390083BF71 /* UserCartTableViewCell.swift */,
				CD6FF9B81E5B21B400616634 /* ProcessItemTableViewCell.swift */,
				CD6FF9BA1E5B21D900616634 /* ProcessServiceTaxTableViewCell.swift */,
				CD7CDC6D1E361E7400D35F19 /* LeftMenuTableViewCell.swift */,
				CDB5D10E1E3F25DF00AC20F0 /* LeftVendorTableViewCell.swift */,
				CDB5D1141E3F4E7000AC20F0 /* ProductListTableViewCell.swift */,
				CDB5D1181E3F5DCE00AC20F0 /* VendorOrderStatusTableViewCell.swift */,
				CDE322DC1E40789800002DBD /* MyFavouritesTableViewCell.swift */,
				CD0560081E6456C300E87A07 /* CustItemListTableViewCell.swift */,
			);
			name = TableViewCell;
			sourceTree = "<group>";
		};
		CD9B2BA11E543730008A949F /* CoreDataManager */ = {
			isa = PBXGroup;
			children = (
				CD9B2BA21E54375A008A949F /* CoreData.swift */,
				CD9B2BC91E5489D5008A949F /* MyCartModel.swift */,
			);
			name = CoreDataManager;
			sourceTree = "<group>";
		};
		CDC945411E2F522B00E6946F = {
			isa = PBXGroup;
			children = (
				CDC9454C1E2F522B00E6946F /* Qadmni */,
				CDC9454B1E2F522B00E6946F /* Products */,
				A618DA6A5ECFCB46F040E939 /* Pods */,
				0837CC68E550CE06F6476F40 /* Frameworks */,
			);
			sourceTree = "<group>";
		};
		CDC9454B1E2F522B00E6946F /* Products */ = {
			isa = PBXGroup;
			children = (
				CDC9454A1E2F522B00E6946F /* Qadmni.app */,
			);
			name = Products;
			sourceTree = "<group>";
		};
		CDC9454C1E2F522B00E6946F /* Qadmni */ = {
			isa = PBXGroup;
			children = (
				CDC9454D1E2F522B00E6946F /* AppDelegate.swift */,
				CD9B2BA11E543730008A949F /* CoreDataManager */,
				CDE6FDAD1E52EA81009A18E7 /* CustomerRequestModel */,
				CDE6FDAE1E52EA9A009A18E7 /* CustomerResponseModel */,
				CD81D73D1E4B0D8300FA33FE /* UserDefaults */,
				CDCE59301E41C62100BE36CE /* Utils */,
				CDCE59271E41BE2E00BE36CE /* VendorResponseModel */,
				CDCE59261E41BE1800BE36CE /* VendorRequestModel */,
				CDCE59251E41BDFC00BE36CE /* ServiceFacade */,
				CDCE59241E41B7A400BE36CE /* CommonViewControllers */,
				CDCE59231E41AD8200BE36CE /* VendorViewControllers */,
				CDCE59221E41AD5F00BE36CE /* UserViewControllers */,
				CD84D9381E3B28110083BF71 /* TableViewCell */,
				CDC945621E2F54C300E6946F /* Resources */,
				CDC945511E2F522B00E6946F /* Main.storyboard */,
				CDC945571E2F522B00E6946F /* Assets.xcassets */,
				CDC945591E2F522B00E6946F /* LaunchScreen.storyboard */,
				CDC9455C1E2F522B00E6946F /* Info.plist */,
				CDC945541E2F522B00E6946F /* Qadmni.xcdatamodeld */,
				CDA4A03A1E5C6F7900F6A100 /* Qadmni-Bridging-Header.h */,
			);
			path = Qadmni;
			sourceTree = "<group>";
		};
		CDC945621E2F54C300E6946F /* Resources */ = {
			isa = PBXGroup;
			children = (
				CDAE23AB1E60628A0024F4A4 /* form_wiz_1.jpg */,
				CDAE23AD1E6062A50024F4A4 /* form_wiz_2.jpg */,
				CDAE23AF1E6062B70024F4A4 /* form_wiz_3.jpg */,
				CD9FA4471E49ED1F002BC631 /* splash_screen_back_one.png */,
				CDE322E41E40B41E00002DBD /* header_icon.png */,
				CDE322E01E40A18700002DBD /* dummy_image.jpg */,
				CDE322DE1E409D1F00002DBD /* profile_back_demo.jpg */,
				CDB5D1121E3F441C00AC20F0 /* ice_cream_one.jpg */,
				CDA429C71E3CB9F80069D928 /* ic_action_camera.png */,
				CDA429C31E3CA0B80069D928 /* ic_lang_setting_banner.png */,
				CDC945691E2F828900E6946F /* login_back.jpg */,
				CDC945631E2F54D700E6946F /* test_logo.png */,
				CDC9456B1E2F837500E6946F /* qadmni_img_logo_english.png */,
				CDFB2FFD1E32211C00A742E9 /* register_back.jpg */,
			);
			name = Resources;
			sourceTree = "<group>";
		};
		CDCE59221E41AD5F00BE36CE /* UserViewControllers */ = {
			isa = PBXGroup;
			children = (
				CD0377941E33657B00FAE471 /* ForgotPasswordViewController.swift */,
				CDE322DA1E4077C800002DBD /* MyFavouritesTableViewController.swift */,
				CD7CDC6B1E360C3900D35F19 /* LeftViewController.swift */,
				CDC9456D1E2F919B00E6946F /* UserLoginViewController.swift */,
				CDFB2FFF1E3221CC00A742E9 /* UserRegisterViewController.swift */,
				CD84D9361E3B144C0083BF71 /* UserCartViewController.swift */,
				CD84D93D1E3B802D0083BF71 /* PlaceOrderViewController.swift */,
				CDA429BF1E3C87720069D928 /* ConfirmPayViewController.swift */,
				CDA429C11E3C89720069D928 /* FilterViewController.swift */,
			);
			name = UserViewControllers;
			sourceTree = "<group>";
		};
		CDCE59231E41AD8200BE36CE /* VendorViewControllers */ = {
			isa = PBXGroup;
			children = (
				CDE322D81E40763500002DBD /* VendorOrderDetailsViewController.swift */,
				CDAE23B11E60667F0024F4A4 /* StatusGoogleMapViewController.swift */,
				CDB5D1161E3F5CFA00AC20F0 /* VendorOrderStatusTableViewController.swift */,
				CDB5D1101E3F29B900AC20F0 /* ProductListViewController.swift */,
				CDB5D10A1E3F0D8900AC20F0 /* LeftVendorViewController.swift */,
				CDC52C481E30E4BF00C860FA /* VendorLoginViewController.swift */,
				CDFB30011E323F8100A742E9 /* VendorRegisterViewController.swift */,
				CDFB30031E32498D00A742E9 /* VendorShopDetailViewController.swift */,
				CDA429C91E3CD7E10069D928 /* AddProductViewController.swift */,
				CDEC80CE1E449BB8004FE5B6 /* GoogleMapViewController.swift */,
				CD9A11521E45ADBF0043DA43 /* SearchResultsController.swift */,
				CDE6FDBF1E533D3B009A18E7 /* VendorForgotPasswordViewController.swift */,
			);
			name = VendorViewControllers;
			sourceTree = "<group>";
		};
		CDCE59241E41B7A400BE36CE /* CommonViewControllers */ = {
			isa = PBXGroup;
			children = (
				CDC9454F1E2F522B00E6946F /* ViewController.swift */,
				CDA429C51E3CA7F60069D928 /* SettingViewController.swift */,
				CD7CDC691E35EEA000D35F19 /* QuickStartViewController.swift */,
				CDE322E21E40AFA700002DBD /* MyProfileViewController.swift */,
				CD9923381E3742BD00B814EA /* TableViewController.swift */,
				CD33D1DA1E5854D300D38DB9 /* CheckBox.swift */,
				CDC9456F1E2F98C800E6946F /* UITextField + textfield.swift */,
			);
			name = CommonViewControllers;
			sourceTree = "<group>";
		};
		CDCE59251E41BDFC00BE36CE /* ServiceFacade */ = {
			isa = PBXGroup;
			children = (
				CDCE592E1E41C59800BE36CE /* ServiceFacade.swift */,
				CDE6FDAB1E52E9AD009A18E7 /* ServiceFacadeUser.swift */,
			);
			name = ServiceFacade;
			sourceTree = "<group>";
		};
		CDCE59261E41BE1800BE36CE /* VendorRequestModel */ = {
			isa = PBXGroup;
			children = (
				CDCE592A1E41C1D900BE36CE /* BaseRequestModel.swift */,
				CDCE592C1E41C2CE00BE36CE /* LoginVendorRequestModel.swift */,
				CD9FA4431E498D67002BC631 /* VendorSignupRequestModel.swift */,
				CD9FA4451E49903A002BC631 /* VendorEmailValidateRequestModel.swift */,
				CDCE59351E420FA200BE36CE /* VendorUserRequestModel.swift */,
				CDCE59371E420FE500BE36CE /* VendorLangCodeRequestModel.swift */,
				CD81D7441E4B3CD700FA33FE /* VendorCategoryRequestModel.swift */,
				CD81D7391E4AEFFE00FA33FE /* VendorItemRequestModel.swift */,
				CD81D7401E4B314B00FA33FE /* AddProductRequestModel.swift */,
				CDB352ED1E4D8F0F002D8C98 /* AddProductImageRequestmodel.swift */,
				CDB0A7391E5EEAF700009C91 /* VendorOrderReqModel.swift */,
				CDAE23B31E6070C50024F4A4 /* UpdateDelStatusViewController.swift */,
				CDE6FDC11E53457A009A18E7 /* VendorForgotPasswordRequestModel.swift */,
			);
			name = VendorRequestModel;
			sourceTree = "<group>";
		};
		CDCE59271E41BE2E00BE36CE /* VendorResponseModel */ = {
			isa = PBXGroup;
			children = (
				CDCE59331E41CB1900BE36CE /* BaseResponseModel.swift */,
				CDCE59391E42132A00BE36CE /* VendorLoginResponseModel.swift */,
				CD81D73B1E4AF13600FA33FE /* VendorItemResponseModel.swift */,
				CD81D7461E4B3D4B00FA33FE /* VendorCategoryResponseModel.swift */,
				CDB0A73B1E5EEDCE00009C91 /* VendorOrderResponseModel.swift */,
				CDB0A73D1E5EFD8200009C91 /* UpdateStatusModel.swift */,
				CD81D7421E4B335900FA33FE /* AddProductResponseModel.swift */,
			);
			name = VendorResponseModel;
			sourceTree = "<group>";
		};
		CDCE59301E41C62100BE36CE /* Utils */ = {
			isa = PBXGroup;
			children = (
				CDCE59311E41C64700BE36CE /* PropertyReaderFile.swift */,
				CD33D1E01E58867800D38DB9 /* PaymentMethod.swift */,
				CD33D1E21E5887C000D38DB9 /* DelieveryMethods.swift */,
			);
			name = Utils;
			sourceTree = "<group>";
		};
		CDE6FDAD1E52EA81009A18E7 /* CustomerRequestModel */ = {
			isa = PBXGroup;
			children = (
				CDE6FDAF1E52EB37009A18E7 /* CustomerLoginRequestModel.swift */,
				CD9291DB1E61AABB0040D5AD /* CustcategoryListReqModel.swift */,
				CDE6FDB11E52EB50009A18E7 /* CustomerUserRequestModel.swift */,
				CDE6FDB31E52EB6A009A18E7 /* CustomerLangCodeRequestModel.swift */,
				CDE6FDB91E531996009A18E7 /* CustomerRegisterRequestModel.swift */,
				CD33D1DC1E5883EB00D38DB9 /* CustDetailsPlaceOrderReqModel.swift */,
				CDE6FDBD1E5331AD009A18E7 /* CustomerForgotPasswordRequestModel.swift */,
				CD33D1DE1E5884FE00D38DB9 /* ItemRequestModel.swift */,
				CDA49FFF1E5C1D7200F6A100 /* CustProcessOrderReqModel.swift */,
				CDA4A0281E5C473200F6A100 /* CustConfirmOrderReqModel.swift */,
				CD05600A1E6461D000E87A07 /* CustItemListReqModel.swift */,
			);
			name = CustomerRequestModel;
			sourceTree = "<group>";
		};
		CDE6FDAE1E52EA9A009A18E7 /* CustomerResponseModel */ = {
			isa = PBXGroup;
			children = (
				CDE6FDB51E52EBC6009A18E7 /* CustomerLoginResponseModel.swift */,
				CDE6FDB71E52EC06009A18E7 /* CustomerBaseResponseModel.swift */,
				CDE6FDBB1E531A5B009A18E7 /* CustomerRegisterResponseModel.swift */,
				CD9565101E5AB78900AF3A7E /* CustPlaceOrderResModel.swift */,
				CD9291DD1E61AB150040D5AD /* CustCategoryListResModel.swift */,
				CD9565121E5AB82300AF3A7E /* CustOrderedItemResModel.swift */,
				CD9565141E5AB8FE00AF3A7E /* CustChargeBreakupResModel.swift */,
				CDA4A0011E5C1FCD00F6A100 /* CustProcessOrderResModel.swift */,
				CDA4A0031E5C201300F6A100 /* PayPalInfoResModel.swift */,
				CD05600C1E64626600E87A07 /* CustItemListResModel.swift */,
				CD05600E1E6462B300E87A07 /* ItemInfoModel.swift */,
				CD0560101E6465DC00E87A07 /* ProducerLocationModel.swift */,
				CDDA80241E659646009F45AF /* GoogleDistanceResModel.swift */,
				CDDA80221E658D93009F45AF /* ProducerItemListdataModel.swift */,
				CDDA80261E659697009F45AF /* DurationResModel.swift */,
				CDDA80281E65970A009F45AF /* DistanceResModel.swift */,
				CDDA802A1E65A7E3009F45AF /* DisplayItemList.swift */,
			);
			name = CustomerResponseModel;
			sourceTree = "<group>";
		};
/* End PBXGroup section */

/* Begin PBXNativeTarget section */
		CDC945491E2F522B00E6946F /* Qadmni */ = {
			isa = PBXNativeTarget;
			buildConfigurationList = CDC9455F1E2F522B00E6946F /* Build configuration list for PBXNativeTarget "Qadmni" */;
			buildPhases = (
				875FCEA955C3882055F1F369 /* [CP] Check Pods Manifest.lock */,
				CDC945461E2F522B00E6946F /* Sources */,
				CDC945471E2F522B00E6946F /* Frameworks */,
				CDC945481E2F522B00E6946F /* Resources */,
				FC063FE480E3D0695EFCF16E /* [CP] Embed Pods Frameworks */,
				62E2BE2754BE6B0101558858 /* [CP] Copy Pods Resources */,
			);
			buildRules = (
			);
			dependencies = (
			);
			name = Qadmni;
			productName = Qadmni;
			productReference = CDC9454A1E2F522B00E6946F /* Qadmni.app */;
			productType = "com.apple.product-type.application";
		};
/* End PBXNativeTarget section */

/* Begin PBXProject section */
		CDC945421E2F522B00E6946F /* Project object */ = {
			isa = PBXProject;
			attributes = {
				LastSwiftUpdateCheck = 0820;
				LastUpgradeCheck = 0820;
				ORGANIZATIONNAME = Qadmni;
				TargetAttributes = {
					CDC945491E2F522B00E6946F = {
						CreatedOnToolsVersion = 8.2;
						DevelopmentTeam = 2TURKNDYVZ;
						LastSwiftMigration = 0820;
						ProvisioningStyle = Automatic;
					};
				};
			};
			buildConfigurationList = CDC945451E2F522B00E6946F /* Build configuration list for PBXProject "Qadmni" */;
			compatibilityVersion = "Xcode 3.2";
			developmentRegion = English;
			hasScannedForEncodings = 0;
			knownRegions = (
				en,
				Base,
			);
			mainGroup = CDC945411E2F522B00E6946F;
			productRefGroup = CDC9454B1E2F522B00E6946F /* Products */;
			projectDirPath = "";
			projectRoot = "";
			targets = (
				CDC945491E2F522B00E6946F /* Qadmni */,
			);
		};
/* End PBXProject section */

/* Begin PBXResourcesBuildPhase section */
		CDC945481E2F522B00E6946F /* Resources */ = {
			isa = PBXResourcesBuildPhase;
			buildActionMask = 2147483647;
			files = (
				CDC945641E2F54D700E6946F /* test_logo.png in Resources */,
				CDE322E11E40A18700002DBD /* dummy_image.jpg in Resources */,
				CDE322DF1E409D1F00002DBD /* profile_back_demo.jpg in Resources */,
				CDE322E51E40B41E00002DBD /* header_icon.png in Resources */,
				CD9FA4481E49ED1F002BC631 /* splash_screen_back_one.png in Resources */,
				CDFB2FFE1E32211C00A742E9 /* register_back.jpg in Resources */,
				CDA429C41E3CA0B80069D928 /* ic_lang_setting_banner.png in Resources */,
				CDC9455B1E2F522B00E6946F /* LaunchScreen.storyboard in Resources */,
				CDA429C81E3CB9F80069D928 /* ic_action_camera.png in Resources */,
				CDC945581E2F522B00E6946F /* Assets.xcassets in Resources */,
				CDC9456C1E2F837500E6946F /* qadmni_img_logo_english.png in Resources */,
				CDAE23AE1E6062A50024F4A4 /* form_wiz_2.jpg in Resources */,
				CDAE23B01E6062B70024F4A4 /* form_wiz_3.jpg in Resources */,
				CDAE23AC1E60628A0024F4A4 /* form_wiz_1.jpg in Resources */,
				CDB5D1131E3F441C00AC20F0 /* ice_cream_one.jpg in Resources */,
				CDC9456A1E2F828900E6946F /* login_back.jpg in Resources */,
				CDC945531E2F522B00E6946F /* Main.storyboard in Resources */,
			);
			runOnlyForDeploymentPostprocessing = 0;
		};
/* End PBXResourcesBuildPhase section */

/* Begin PBXShellScriptBuildPhase section */
		62E2BE2754BE6B0101558858 /* [CP] Copy Pods Resources */ = {
			isa = PBXShellScriptBuildPhase;
			buildActionMask = 2147483647;
			files = (
			);
			inputPaths = (
			);
			name = "[CP] Copy Pods Resources";
			outputPaths = (
			);
			runOnlyForDeploymentPostprocessing = 0;
			shellPath = /bin/sh;
			shellScript = "\"${SRCROOT}/Pods/Target Support Files/Pods-Qadmni/Pods-Qadmni-resources.sh\"\n";
			showEnvVarsInLog = 0;
		};
		875FCEA955C3882055F1F369 /* [CP] Check Pods Manifest.lock */ = {
			isa = PBXShellScriptBuildPhase;
			buildActionMask = 2147483647;
			files = (
			);
			inputPaths = (
			);
			name = "[CP] Check Pods Manifest.lock";
			outputPaths = (
			);
			runOnlyForDeploymentPostprocessing = 0;
			shellPath = /bin/sh;
			shellScript = "diff \"${PODS_ROOT}/../Podfile.lock\" \"${PODS_ROOT}/Manifest.lock\" > /dev/null\nif [ $? != 0 ] ; then\n    # print error to STDERR\n    echo \"error: The sandbox is not in sync with the Podfile.lock. Run 'pod install' or update your CocoaPods installation.\" >&2\n    exit 1\nfi\n";
			showEnvVarsInLog = 0;
		};
		FC063FE480E3D0695EFCF16E /* [CP] Embed Pods Frameworks */ = {
			isa = PBXShellScriptBuildPhase;
			buildActionMask = 2147483647;
			files = (
			);
			inputPaths = (
			);
			name = "[CP] Embed Pods Frameworks";
			outputPaths = (
			);
			runOnlyForDeploymentPostprocessing = 0;
			shellPath = /bin/sh;
			shellScript = "\"${SRCROOT}/Pods/Target Support Files/Pods-Qadmni/Pods-Qadmni-frameworks.sh\"\n";
			showEnvVarsInLog = 0;
		};
/* End PBXShellScriptBuildPhase section */

/* Begin PBXSourcesBuildPhase section */
		CDC945461E2F522B00E6946F /* Sources */ = {
			isa = PBXSourcesBuildPhase;
			buildActionMask = 2147483647;
			files = (
				CDA429CA1E3CD7E10069D928 /* AddProductViewController.swift in Sources */,
				CD7CDC6A1E35EEA000D35F19 /* QuickStartViewController.swift in Sources */,
				CD81D7451E4B3CD700FA33FE /* VendorCategoryRequestModel.swift in Sources */,
				CDB5D1111E3F29B900AC20F0 /* ProductListViewController.swift in Sources */,
				CDCE592D1E41C2CE00BE36CE /* LoginVendorRequestModel.swift in Sources */,
				CDE6FDB81E52EC06009A18E7 /* CustomerBaseResponseModel.swift in Sources */,
				CD9923391E3742BD00B814EA /* TableViewController.swift in Sources */,
				CDC945561E2F522B00E6946F /* Qadmni.xcdatamodeld in Sources */,
				CD81D7471E4B3D4B00FA33FE /* VendorCategoryResponseModel.swift in Sources */,
				CDE6FDB61E52EBC6009A18E7 /* CustomerLoginResponseModel.swift in Sources */,
				CDC945501E2F522B00E6946F /* ViewController.swift in Sources */,
				CDC52C491E30E4BF00C860FA /* VendorLoginViewController.swift in Sources */,
				CDDA80291E65970A009F45AF /* DistanceResModel.swift in Sources */,
				CDB5D10B1E3F0D8900AC20F0 /* LeftVendorViewController.swift in Sources */,
				CDA429C61E3CA7F60069D928 /* SettingViewController.swift in Sources */,
				CD33D1DB1E5854D300D38DB9 /* CheckBox.swift in Sources */,
				CDA4A0041E5C201300F6A100 /* PayPalInfoResModel.swift in Sources */,
				CDFB30021E323F8100A742E9 /* VendorRegisterViewController.swift in Sources */,
				CD9FA4441E498D67002BC631 /* VendorSignupRequestModel.swift in Sources */,
				CDFB30001E3221CC00A742E9 /* UserRegisterViewController.swift in Sources */,
				CDDA80251E659646009F45AF /* GoogleDistanceResModel.swift in Sources */,
				CD33D1E31E5887C000D38DB9 /* DelieveryMethods.swift in Sources */,
				CDB0A73E1E5EFD8200009C91 /* UpdateStatusModel.swift in Sources */,
				CD9FA4461E49903A002BC631 /* VendorEmailValidateRequestModel.swift in Sources */,
				CDE6FDC21E53457A009A18E7 /* VendorForgotPasswordRequestModel.swift in Sources */,
				CDCE592B1E41C1D900BE36CE /* BaseRequestModel.swift in Sources */,
				CDE6FDBE1E5331AD009A18E7 /* CustomerForgotPasswordRequestModel.swift in Sources */,
				CD81D73C1E4AF13600FA33FE /* VendorItemResponseModel.swift in Sources */,
				CDE6FDBA1E531996009A18E7 /* CustomerRegisterRequestModel.swift in Sources */,
				CDA4A0291E5C473200F6A100 /* CustConfirmOrderReqModel.swift in Sources */,
				CDE6FDBC1E531A5B009A18E7 /* CustomerRegisterResponseModel.swift in Sources */,
				CDCE59341E41CB1900BE36CE /* BaseResponseModel.swift in Sources */,
				CD9565111E5AB78900AF3A7E /* CustPlaceOrderResModel.swift in Sources */,
				CD81D73A1E4AEFFE00FA33FE /* VendorItemRequestModel.swift in Sources */,
				CDDA80231E658D93009F45AF /* ProducerItemListdataModel.swift in Sources */,
				CD05600B1E6461D100E87A07 /* CustItemListReqModel.swift in Sources */,
				CD33D1E11E58867800D38DB9 /* PaymentMethod.swift in Sources */,
				CD05600F1E6462B300E87A07 /* ItemInfoModel.swift in Sources */,
				CDE6FDB21E52EB50009A18E7 /* CustomerUserRequestModel.swift in Sources */,
				CD81D73F1E4B0DAD00FA33FE /* UserDefaultManager.swift in Sources */,
				CDEC80CF1E449BB8004FE5B6 /* GoogleMapViewController.swift in Sources */,
				CD9B2BCA1E5489D5008A949F /* MyCartModel.swift in Sources */,
				CD81D7431E4B335900FA33FE /* AddProductResponseModel.swift in Sources */,
				CD0560091E6456C400E87A07 /* CustItemListTableViewCell.swift in Sources */,
				CDB5D1171E3F5CFA00AC20F0 /* VendorOrderStatusTableViewController.swift in Sources */,
				CDB5D1191E3F5DCE00AC20F0 /* VendorOrderStatusTableViewCell.swift in Sources */,
				CDB0A73A1E5EEAF800009C91 /* VendorOrderReqModel.swift in Sources */,
				CD33D1DF1E5884FE00D38DB9 /* ItemRequestModel.swift in Sources */,
				CDDA802B1E65A7E3009F45AF /* DisplayItemList.swift in Sources */,
				CDE322E31E40AFA700002DBD /* MyProfileViewController.swift in Sources */,
				CD33D1DD1E5883EB00D38DB9 /* CustDetailsPlaceOrderReqModel.swift in Sources */,
				CDE322DD1E40789800002DBD /* MyFavouritesTableViewCell.swift in Sources */,
				CDC9454E1E2F522B00E6946F /* AppDelegate.swift in Sources */,
				CDAE23B21E60667F0024F4A4 /* StatusGoogleMapViewController.swift in Sources */,
				CDE6FDB41E52EB6A009A18E7 /* CustomerLangCodeRequestModel.swift in Sources */,
				CDE6FDB01E52EB37009A18E7 /* CustomerLoginRequestModel.swift in Sources */,
				CDA429C01E3C87720069D928 /* ConfirmPayViewController.swift in Sources */,
				CD9A11531E45ADC00043DA43 /* SearchResultsController.swift in Sources */,
				CDE322D91E40763500002DBD /* VendorOrderDetailsViewController.swift in Sources */,
				CD7CDC6E1E361E7400D35F19 /* LeftMenuTableViewCell.swift in Sources */,
				CD6FF9BB1E5B21D900616634 /* ProcessServiceTaxTableViewCell.swift in Sources */,
				CDB352EE1E4D8F0F002D8C98 /* AddProductImageRequestmodel.swift in Sources */,
				CDA4A0021E5C1FCD00F6A100 /* CustProcessOrderResModel.swift in Sources */,
				CDE6FDC01E533D3B009A18E7 /* VendorForgotPasswordViewController.swift in Sources */,
				CD9565151E5AB8FE00AF3A7E /* CustChargeBreakupResModel.swift in Sources */,
				CD9291DE1E61AB150040D5AD /* CustCategoryListResModel.swift in Sources */,
				CD9B2BA31E54375A008A949F /* CoreData.swift in Sources */,
				CD84D93A1E3B28390083BF71 /* UserCartTableViewCell.swift in Sources */,
				CDCE59361E420FA200BE36CE /* VendorUserRequestModel.swift in Sources */,
				CD9565131E5AB82300AF3A7E /* CustOrderedItemResModel.swift in Sources */,
				CDB0A73C1E5EEDCE00009C91 /* VendorOrderResponseModel.swift in Sources */,
				CD84D93E1E3B802D0083BF71 /* PlaceOrderViewController.swift in Sources */,
				CD9291DC1E61AABC0040D5AD /* CustcategoryListReqModel.swift in Sources */,
				CDAE23B41E6070C50024F4A4 /* UpdateDelStatusViewController.swift in Sources */,
				CD0377951E33657B00FAE471 /* ForgotPasswordViewController.swift in Sources */,
				CDA429C21E3C89720069D928 /* FilterViewController.swift in Sources */,
				CDB5D1151E3F4E7000AC20F0 /* ProductListTableViewCell.swift in Sources */,
				CD0560111E6465DC00E87A07 /* ProducerLocationModel.swift in Sources */,
				CDE322DB1E4077C800002DBD /* MyFavouritesTableViewController.swift in Sources */,
				CDDA80271E659697009F45AF /* DurationResModel.swift in Sources */,
				CDCE59381E420FE500BE36CE /* VendorLangCodeRequestModel.swift in Sources */,
				CDCE592F1E41C59800BE36CE /* ServiceFacade.swift in Sources */,
				CDE6FDAC1E52E9AD009A18E7 /* ServiceFacadeUser.swift in Sources */,
				CD05600D1E64626600E87A07 /* CustItemListResModel.swift in Sources */,
				CDCE593A1E42132A00BE36CE /* VendorLoginResponseModel.swift in Sources */,
				CDFB30041E32498D00A742E9 /* VendorShopDetailViewController.swift in Sources */,
				CD6FF9B91E5B21B400616634 /* ProcessItemTableViewCell.swift in Sources */,
				CD7CDC6C1E360C3900D35F19 /* LeftViewController.swift in Sources */,
				CDCE59321E41C64700BE36CE /* PropertyReaderFile.swift in Sources */,
				CD81D7411E4B314B00FA33FE /* AddProductRequestModel.swift in Sources */,
				CDC945701E2F98C800E6946F /* UITextField + textfield.swift in Sources */,
				CDA4A0001E5C1D7200F6A100 /* CustProcessOrderReqModel.swift in Sources */,
				CDC9456E1E2F919B00E6946F /* UserLoginViewController.swift in Sources */,
				CD84D9371E3B144C0083BF71 /* UserCartViewController.swift in Sources */,
				CDB5D10F1E3F25DF00AC20F0 /* LeftVendorTableViewCell.swift in Sources */,
			);
			runOnlyForDeploymentPostprocessing = 0;
		};
/* End PBXSourcesBuildPhase section */

/* Begin PBXVariantGroup section */
		CDC945511E2F522B00E6946F /* Main.storyboard */ = {
			isa = PBXVariantGroup;
			children = (
				CDC945521E2F522B00E6946F /* Base */,
			);
			name = Main.storyboard;
			sourceTree = "<group>";
		};
		CDC945591E2F522B00E6946F /* LaunchScreen.storyboard */ = {
			isa = PBXVariantGroup;
			children = (
				CDC9455A1E2F522B00E6946F /* Base */,
			);
			name = LaunchScreen.storyboard;
			sourceTree = "<group>";
		};
/* End PBXVariantGroup section */

/* Begin XCBuildConfiguration section */
		CDC9455D1E2F522B00E6946F /* Debug */ = {
			isa = XCBuildConfiguration;
			buildSettings = {
				ALWAYS_SEARCH_USER_PATHS = NO;
				CLANG_ANALYZER_NONNULL = YES;
				CLANG_CXX_LANGUAGE_STANDARD = "gnu++0x";
				CLANG_CXX_LIBRARY = "libc++";
				CLANG_ENABLE_MODULES = YES;
				CLANG_ENABLE_OBJC_ARC = YES;
				CLANG_WARN_BOOL_CONVERSION = YES;
				CLANG_WARN_CONSTANT_CONVERSION = YES;
				CLANG_WARN_DIRECT_OBJC_ISA_USAGE = YES_ERROR;
				CLANG_WARN_DOCUMENTATION_COMMENTS = YES;
				CLANG_WARN_EMPTY_BODY = YES;
				CLANG_WARN_ENUM_CONVERSION = YES;
				CLANG_WARN_INFINITE_RECURSION = YES;
				CLANG_WARN_INT_CONVERSION = YES;
				CLANG_WARN_OBJC_ROOT_CLASS = YES_ERROR;
				CLANG_WARN_SUSPICIOUS_MOVE = YES;
				CLANG_WARN_UNREACHABLE_CODE = YES;
				CLANG_WARN__DUPLICATE_METHOD_MATCH = YES;
				"CODE_SIGN_IDENTITY[sdk=iphoneos*]" = "iPhone Developer";
				COPY_PHASE_STRIP = NO;
				DEBUG_INFORMATION_FORMAT = dwarf;
				ENABLE_STRICT_OBJC_MSGSEND = YES;
				ENABLE_TESTABILITY = YES;
				GCC_C_LANGUAGE_STANDARD = gnu99;
				GCC_DYNAMIC_NO_PIC = NO;
				GCC_NO_COMMON_BLOCKS = YES;
				GCC_OPTIMIZATION_LEVEL = 0;
				GCC_PREPROCESSOR_DEFINITIONS = (
					"DEBUG=1",
					"$(inherited)",
				);
				GCC_WARN_64_TO_32_BIT_CONVERSION = YES;
				GCC_WARN_ABOUT_RETURN_TYPE = YES_ERROR;
				GCC_WARN_UNDECLARED_SELECTOR = YES;
				GCC_WARN_UNINITIALIZED_AUTOS = YES_AGGRESSIVE;
				GCC_WARN_UNUSED_FUNCTION = YES;
				GCC_WARN_UNUSED_VARIABLE = YES;
				IPHONEOS_DEPLOYMENT_TARGET = 9.0;
				MTL_ENABLE_DEBUG_INFO = YES;
				ONLY_ACTIVE_ARCH = YES;
				SDKROOT = iphoneos;
				SWIFT_ACTIVE_COMPILATION_CONDITIONS = DEBUG;
				SWIFT_OPTIMIZATION_LEVEL = "-Onone";
			};
			name = Debug;
		};
		CDC9455E1E2F522B00E6946F /* Release */ = {
			isa = XCBuildConfiguration;
			buildSettings = {
				ALWAYS_SEARCH_USER_PATHS = NO;
				CLANG_ANALYZER_NONNULL = YES;
				CLANG_CXX_LANGUAGE_STANDARD = "gnu++0x";
				CLANG_CXX_LIBRARY = "libc++";
				CLANG_ENABLE_MODULES = YES;
				CLANG_ENABLE_OBJC_ARC = YES;
				CLANG_WARN_BOOL_CONVERSION = YES;
				CLANG_WARN_CONSTANT_CONVERSION = YES;
				CLANG_WARN_DIRECT_OBJC_ISA_USAGE = YES_ERROR;
				CLANG_WARN_DOCUMENTATION_COMMENTS = YES;
				CLANG_WARN_EMPTY_BODY = YES;
				CLANG_WARN_ENUM_CONVERSION = YES;
				CLANG_WARN_INFINITE_RECURSION = YES;
				CLANG_WARN_INT_CONVERSION = YES;
				CLANG_WARN_OBJC_ROOT_CLASS = YES_ERROR;
				CLANG_WARN_SUSPICIOUS_MOVE = YES;
				CLANG_WARN_UNREACHABLE_CODE = YES;
				CLANG_WARN__DUPLICATE_METHOD_MATCH = YES;
				"CODE_SIGN_IDENTITY[sdk=iphoneos*]" = "iPhone Developer";
				COPY_PHASE_STRIP = NO;
				DEBUG_INFORMATION_FORMAT = "dwarf-with-dsym";
				ENABLE_NS_ASSERTIONS = NO;
				ENABLE_STRICT_OBJC_MSGSEND = YES;
				GCC_C_LANGUAGE_STANDARD = gnu99;
				GCC_NO_COMMON_BLOCKS = YES;
				GCC_WARN_64_TO_32_BIT_CONVERSION = YES;
				GCC_WARN_ABOUT_RETURN_TYPE = YES_ERROR;
				GCC_WARN_UNDECLARED_SELECTOR = YES;
				GCC_WARN_UNINITIALIZED_AUTOS = YES_AGGRESSIVE;
				GCC_WARN_UNUSED_FUNCTION = YES;
				GCC_WARN_UNUSED_VARIABLE = YES;
				IPHONEOS_DEPLOYMENT_TARGET = 9.0;
				MTL_ENABLE_DEBUG_INFO = NO;
				SDKROOT = iphoneos;
				SWIFT_OPTIMIZATION_LEVEL = "-Onone";
				VALIDATE_PRODUCT = YES;
			};
			name = Release;
		};
		CDC945601E2F522B00E6946F /* Debug */ = {
			isa = XCBuildConfiguration;
			baseConfigurationReference = D2D8735FB8F9FC0253303BF4 /* Pods-Qadmni.debug.xcconfig */;
			buildSettings = {
				ASSETCATALOG_COMPILER_APPICON_NAME = AppIcon;
				CLANG_ENABLE_MODULES = YES;
				DEVELOPMENT_TEAM = 2TURKNDYVZ;
				INFOPLIST_FILE = Qadmni/Info.plist;
				LD_RUNPATH_SEARCH_PATHS = "$(inherited) @executable_path/Frameworks";
				PRODUCT_BUNDLE_IDENTIFIER = com.qadmni.Qadmni;
				PRODUCT_NAME = "$(TARGET_NAME)";
				SWIFT_OBJC_BRIDGING_HEADER = "Qadmni/Qadmni-Bridging-Header.h";
				SWIFT_OPTIMIZATION_LEVEL = "-Onone";
				SWIFT_VERSION = 3.0;
			};
			name = Debug;
		};
		CDC945611E2F522B00E6946F /* Release */ = {
			isa = XCBuildConfiguration;
			baseConfigurationReference = CAAECFAA4EF22160736EB017 /* Pods-Qadmni.release.xcconfig */;
			buildSettings = {
				ASSETCATALOG_COMPILER_APPICON_NAME = AppIcon;
				CLANG_ENABLE_MODULES = YES;
				DEVELOPMENT_TEAM = 2TURKNDYVZ;
				INFOPLIST_FILE = Qadmni/Info.plist;
				LD_RUNPATH_SEARCH_PATHS = "$(inherited) @executable_path/Frameworks";
				PRODUCT_BUNDLE_IDENTIFIER = com.qadmni.Qadmni;
				PRODUCT_NAME = "$(TARGET_NAME)";
				SWIFT_OBJC_BRIDGING_HEADER = "Qadmni/Qadmni-Bridging-Header.h";
				SWIFT_OPTIMIZATION_LEVEL = "-Owholemodule";
				SWIFT_VERSION = 3.0;
			};
			name = Release;
		};
/* End XCBuildConfiguration section */

/* Begin XCConfigurationList section */
		CDC945451E2F522B00E6946F /* Build configuration list for PBXProject "Qadmni" */ = {
			isa = XCConfigurationList;
			buildConfigurations = (
				CDC9455D1E2F522B00E6946F /* Debug */,
				CDC9455E1E2F522B00E6946F /* Release */,
			);
			defaultConfigurationIsVisible = 0;
			defaultConfigurationName = Release;
		};
		CDC9455F1E2F522B00E6946F /* Build configuration list for PBXNativeTarget "Qadmni" */ = {
			isa = XCConfigurationList;
			buildConfigurations = (
				CDC945601E2F522B00E6946F /* Debug */,
				CDC945611E2F522B00E6946F /* Release */,
			);
			defaultConfigurationIsVisible = 0;
			defaultConfigurationName = Release;
		};
/* End XCConfigurationList section */

/* Begin XCVersionGroup section */
		CDC945541E2F522B00E6946F /* Qadmni.xcdatamodeld */ = {
			isa = XCVersionGroup;
			children = (
				CDC945551E2F522B00E6946F /* Qadmni.xcdatamodel */,
			);
			currentVersion = CDC945551E2F522B00E6946F /* Qadmni.xcdatamodel */;
			path = Qadmni.xcdatamodeld;
			sourceTree = "<group>";
			versionGroupType = wrapper.xcdatamodel;
		};
/* End XCVersionGroup section */
	};
	rootObject = CDC945421E2F522B00E6946F /* Project object */;
}
